
Microsoft Visual Studio Solution File, Format Version 12.00
# Visual Studio Version 17
VisualStudioVersion = 17.8.34511.84
MinimumVisualStudioVersion = 10.0.40219.1
Project("{2150E333-8FDC-42A3-9474-1A3956D46DE8}") = "chapter01-Heterogeneous-parallel-computing-with-cuda", "chapter01-Heterogeneous-parallel-computing-with-cuda", "{C89CACD1-0223-4E4F-80C9-8FD8BB01A4CB}"
EndProject
Project("{8BC9CEB8-8B4A-11D0-8D11-00A0C91BC942}") = "helloworld", "chapter01\helloworld\helloworld.vcxproj", "{5E7F912D-CE1A-4840-A65B-D2800FBD8548}"
EndProject
Project("{2150E333-8FDC-42A3-9474-1A3956D46DE8}") = "chapter02-cuda-programming-model", "chapter02-cuda-programming-model", "{0CDB222D-5BB2-4520-9934-F564E7AFA75A}"
	ProjectSection(SolutionItems) = preProject
		programming_notes.txt = programming_notes.txt
		readme.md = readme.md
	EndProjectSection
EndProject
Project("{8BC9CEB8-8B4A-11D0-8D11-00A0C91BC942}") = "checkDimension", "chapter02\checkDimension\checkDimension.vcxproj", "{FA08ED75-686E-4E33-8716-6D54660EAC8B}"
EndProject
Project("{8BC9CEB8-8B4A-11D0-8D11-00A0C91BC942}") = "defineGridBlock", "chapter02\defineGridBlock\defineGridBlock.vcxproj", "{58AB5A65-B5BD-48E6-93A8-7A00E62F5F7C}"
EndProject
Project("{8BC9CEB8-8B4A-11D0-8D11-00A0C91BC942}") = "sumArrayOnGPU-small-case", "chapter02\sumArrayOnGPU-small-case\sumArrayOnGPU-small-case.vcxproj", "{32E2A668-394E-4362-B12C-CF70518A4CFE}"
EndProject
Project("{8BC9CEB8-8B4A-11D0-8D11-00A0C91BC942}") = "sumArraysOnGPU-timer", "chapter02\sumArraysOnGPU-timer\sumArraysOnGPU-timer.vcxproj", "{5AC1E598-12AC-413A-BD39-C1FB97695EFD}"
EndProject
Project("{8BC9CEB8-8B4A-11D0-8D11-00A0C91BC942}") = "checkThreadIndex", "chapter02\checkThreadIindex\checkThreadIindex.vcxproj", "{910418B7-9586-4A0A-8B8F-64607D047FBD}"
EndProject
Project("{8BC9CEB8-8B4A-11D0-8D11-00A0C91BC942}") = "sumMatrixOnGPU-2D-grid-2D-block", "chapter02\sumMatrixOnGPU-2D-grid-2D-block\sumMatrixOnGPU-2D-grid-2D-block.vcxproj", "{49B2E7D6-A487-4F17-80B9-BCBFC47D67B6}"
EndProject
Project("{8BC9CEB8-8B4A-11D0-8D11-00A0C91BC942}") = "sumMatrixOnGPU-1D-grid-1D-block", "chapter02\sumMatrixOnGPU-1D-grid-1D-block\sumMatrixOnGPU-1D-grid-1D-block.vcxproj", "{D647D0BF-BA2D-4DA9-8BCF-1C7278C3BAD8}"
EndProject
Project("{8BC9CEB8-8B4A-11D0-8D11-00A0C91BC942}") = "sumMatrixOnGPU-2D-grid-1D-block", "chapter02\sumMatrixOnGPU-2D-grid-1D-block\sumMatrixOnGPU-2D-grid-1D-block.vcxproj", "{C5E0AEBA-E2C3-4D9A-B39D-1E05E747FFE7}"
EndProject
Project("{8BC9CEB8-8B4A-11D0-8D11-00A0C91BC942}") = "checkDeviceInfor", "chapter02\checkDeviceInfor\checkDeviceInfor.vcxproj", "{401C73A4-02F0-4474-8187-96BC5DE0773B}"
EndProject
Project("{2150E333-8FDC-42A3-9474-1A3956D46DE8}") = "chapter03-cuda-execution-model", "chapter03-cuda-execution-model", "{25EE6799-5F70-4EB4-A7DF-27B1989B1191}"
	ProjectSection(SolutionItems) = preProject
		readme.md = readme.md
	EndProjectSection
EndProject
Project("{8BC9CEB8-8B4A-11D0-8D11-00A0C91BC942}") = "simpleDivergence", "chapter03\simpleDivergence\simpleDivergence.vcxproj", "{49CDC2EF-415C-44F1-A329-45216C582003}"
EndProject
Project("{8BC9CEB8-8B4A-11D0-8D11-00A0C91BC942}") = "Nsight_Compute_Example", "chapter03\Nsight_Compute_Example\Nsight_Compute_Example.vcxproj", "{5146FB20-A60D-42F6-9773-C16D0D13F479}"
EndProject
Project("{8BC9CEB8-8B4A-11D0-8D11-00A0C91BC942}") = "simpleDeviceQuery", "chapter03\simpleDeviceQuery\simpleDeviceQuery.vcxproj", "{F8A5DC73-10F1-4A6C-9F89-E70A376F4B27}"
EndProject
Project("{8BC9CEB8-8B4A-11D0-8D11-00A0C91BC942}") = "sumMatrix", "chapter03\sumMatrix\sumMatrix.vcxproj", "{97C40794-B659-4DD2-A9FF-D7967AC3C248}"
EndProject
Project("{8BC9CEB8-8B4A-11D0-8D11-00A0C91BC942}") = "reduceInteger", "chapter03\reduceInteger\reduceInteger.vcxproj", "{1D04D7FD-4488-4619-8C66-FF9321C710D3}"
EndProject
Project("{8BC9CEB8-8B4A-11D0-8D11-00A0C91BC942}") = "nestedHelloWorld", "chapter03\nestedHelloWorld\nestedHelloWorld.vcxproj", "{2B6D6183-A668-498A-BF55-DE16725B5BD7}"
EndProject
Project("{8BC9CEB8-8B4A-11D0-8D11-00A0C91BC942}") = "nestedReduce", "chapter03\nestedReduce\nestedReduce.vcxproj", "{B74652A8-E438-4E58-938F-82ABAD2E168F}"
EndProject
Project("{8BC9CEB8-8B4A-11D0-8D11-00A0C91BC942}") = "nestedReduceNoSync", "chapter03\nestedReduceNoSync\nestedReduceNoSync.vcxproj", "{37703C92-8C6D-4496-8B3D-5CE67343EF37}"
EndProject
Project("{8BC9CEB8-8B4A-11D0-8D11-00A0C91BC942}") = "nestedReduce2", "chapter03\nestedReduce2\nestedReduce2.vcxproj", "{A598BD9B-F1AA-4BC6-9BC8-7E6C28EF8483}"
EndProject
Project("{2150E333-8FDC-42A3-9474-1A3956D46DE8}") = "chapter04-cuda-global-memory", "chapter04-cuda-global-memory", "{204B7904-009A-46EB-98F7-BED8C874D42A}"
	ProjectSection(SolutionItems) = preProject
		readme.md = readme.md
	EndProjectSection
EndProject
Project("{8BC9CEB8-8B4A-11D0-8D11-00A0C91BC942}") = "globalVariable", "chapter04\globalVariable\globalVariable.vcxproj", "{1896BDA8-5F8D-4109-BC18-AF546E3FBD41}"
EndProject
Project("{8BC9CEB8-8B4A-11D0-8D11-00A0C91BC942}") = "memTransfer", "chapter04\memTransfer\memTransfer.vcxproj", "{C1AC95FB-1F2C-44DF-B6CA-F628A4722032}"
EndProject
Project("{8BC9CEB8-8B4A-11D0-8D11-00A0C91BC942}") = "sumArrayZerocopy", "chapter04\sumArrayZerocopy\sumArrayZerocopy.vcxproj", "{17DA6F29-6430-4A1C-867C-F5502520B0BB}"
EndProject
Project("{8BC9CEB8-8B4A-11D0-8D11-00A0C91BC942}") = "readSegment", "chapter04\readSegment\readSegment.vcxproj", "{22E5D897-EF09-4B79-BE8B-68852480F833}"
EndProject
Project("{8BC9CEB8-8B4A-11D0-8D11-00A0C91BC942}") = "writeSegment", "chapter04\writeSegment\writeSegment.vcxproj", "{3666B0F9-4352-449C-BBE7-B5B6359F97B3}"
EndProject
Project("{8BC9CEB8-8B4A-11D0-8D11-00A0C91BC942}") = "simpleMathAoS", "chapter04\simpleMathAoS\simpleMathAoS.vcxproj", "{10DF86BB-188A-47CD-87BF-3E064DC783D8}"
EndProject
Project("{8BC9CEB8-8B4A-11D0-8D11-00A0C91BC942}") = "readSegmentUnroll", "chapter04\readSegmentUnroll\readSegmentUnroll.vcxproj", "{5EFC2049-4824-44C6-A828-201CB9ED4842}"
EndProject
Project("{8BC9CEB8-8B4A-11D0-8D11-00A0C91BC942}") = "transpose", "chapter04\transpose\transpose.vcxproj", "{9C497653-8E0F-4F53-8294-E8AF5CA3B3D7}"
EndProject
Project("{8BC9CEB8-8B4A-11D0-8D11-00A0C91BC942}") = "sumMatrixGPUManaged", "chapter04\sumMatrixGPUManaged\sumMatrixGPUManaged.vcxproj", "{FD9D2F5C-ACAF-4E39-BF33-9DBD41CF3653}"
EndProject
Project("{8BC9CEB8-8B4A-11D0-8D11-00A0C91BC942}") = "sumMatrixGPUManual", "chapter04\sumMatrixGPUManual\sumMatrixGPUManual.vcxproj", "{6B3A3E83-66FE-4D09-82B0-689C25082BCE}"
EndProject
Project("{2150E333-8FDC-42A3-9474-1A3956D46DE8}") = "chapter05-cuda-shared-memory-and-constant-memory", "chapter05-cuda-shared-memory-and-constant-memory", "{44C083BE-5EB2-49B8-9CB7-24A539F22BA2}"
	ProjectSection(SolutionItems) = preProject
		readme.md = readme.md
	EndProjectSection
EndProject
Project("{8BC9CEB8-8B4A-11D0-8D11-00A0C91BC942}") = "checkSmemSquare", "chapter05\checkSmemSquare\checkSmemSquare.vcxproj", "{1A690538-DCBB-47C9-8494-E1C300A2EB62}"
EndProject
Project("{8BC9CEB8-8B4A-11D0-8D11-00A0C91BC942}") = "checkSmemRectangle", "chapter05\checkSmemRectangle\checkSmemRectangle.vcxproj", "{EDAC8E9F-BE2F-4A04-9574-5F79F672DEF7}"
EndProject
Project("{8BC9CEB8-8B4A-11D0-8D11-00A0C91BC942}") = "reduceInteger", "chapter05\reduceInteger\reduceInteger.vcxproj", "{D41B973E-106D-4557-A1CB-B90D8DA08009}"
EndProject
Project("{8BC9CEB8-8B4A-11D0-8D11-00A0C91BC942}") = "transposeRectangle", "chapter05\transposeRectangle\transposeRectangle.vcxproj", "{F1A13D9E-1A41-44C6-A772-311D1075A5F4}"
EndProject
Project("{8BC9CEB8-8B4A-11D0-8D11-00A0C91BC942}") = "constantStencil", "chapter05\constantStencil\constantStencil.vcxproj", "{8AF68478-B10C-49F5-82B3-49BAC16C3EB1}"
EndProject
Project("{8BC9CEB8-8B4A-11D0-8D11-00A0C91BC942}") = "constantReadOnly", "chapter05\constantReadOnly\constantReadOnly.vcxproj", "{E9882FF0-B6FB-48ED-95F8-43B23AE989A5}"
EndProject
Project("{8BC9CEB8-8B4A-11D0-8D11-00A0C91BC942}") = "simpleShfl", "chapter05\simpleShfl\simpleShfl.vcxproj", "{EEEFD7BA-D094-4CC1-B4E2-6C61AFE051C9}"
EndProject
Project("{8BC9CEB8-8B4A-11D0-8D11-00A0C91BC942}") = "reduceIntegerShfl", "chapter05\reduceIntegerShfl\reduceIntegerShfl.vcxproj", "{6E61E48C-28C8-409D-AAF1-085F1BF8C808}"
EndProject
Project("{8BC9CEB8-8B4A-11D0-8D11-00A0C91BC942}") = "compute_occupancy", "chapter03\compute_occupancy\compute_occupancy.vcxproj", "{7ECEF68F-ADF1-4EC3-8C9F-2D7EF0E56D09}"
EndProject
Project("{8BC9CEB8-8B4A-11D0-8D11-00A0C91BC942}") = "simple_cublas_example", "tensor_core\simple_cublas_example\simple_cublas_example.vcxproj", "{E75AE0F8-6F44-4F9C-8BC9-233DC7C75DC5}"
EndProject
Project("{2150E333-8FDC-42A3-9474-1A3956D46DE8}") = "tensor_core", "tensor_core", "{B70D5C3E-158F-43FA-A6B2-78A33857A18E}"
EndProject
Project("{2150E333-8FDC-42A3-9474-1A3956D46DE8}") = "chapter06-cuda-streams-and-concurrency", "chapter06-cuda-streams-and-concurrency", "{304740A5-E779-43C2-A6E2-CE8C687D93CA}"
	ProjectSection(SolutionItems) = preProject
		readme.md = readme.md
	EndProjectSection
EndProject
Project("{2150E333-8FDC-42A3-9474-1A3956D46DE8}") = "chapter07-cuda-instruction-level-primitives", "chapter07-cuda-instruction-level-primitives", "{4181DC7F-C97C-4C26-90FD-00526ABE3960}"
	ProjectSection(SolutionItems) = preProject
		readme.md = readme.md
	EndProjectSection
EndProject
Project("{2150E333-8FDC-42A3-9474-1A3956D46DE8}") = "chapter08-gpu-accelerated-cuda-libraries-and-openacc", "chapter08-gpu-accelerated-cuda-libraries-and-openacc", "{49772A9F-40A3-4E7E-AB3F-ABAD2B36770B}"
	ProjectSection(SolutionItems) = preProject
		readme.md = readme.md
	EndProjectSection
EndProject
Project("{2150E333-8FDC-42A3-9474-1A3956D46DE8}") = "chapter09-muti-gpu-programming", "chapter09-muti-gpu-programming", "{BB3FF1C7-9763-4FDD-BB74-2FDD33C4D48E}"
	ProjectSection(SolutionItems) = preProject
		readme.md = readme.md
	EndProjectSection
EndProject
Project("{2150E333-8FDC-42A3-9474-1A3956D46DE8}") = "chapter10-implementation-considerations", "chapter10-implementation-considerations", "{B5EFF688-7143-4821-9ADC-F85D810A6F75}"
	ProjectSection(SolutionItems) = preProject
		readme.md = readme.md
	EndProjectSection
EndProject
Project("{8BC9CEB8-8B4A-11D0-8D11-00A0C91BC942}") = "simpleHyperqDepth", "chapter06\simpleHyperqDepth\simpleHyperqDepth.vcxproj", "{FBEB1304-DF42-4C04-B0C7-99183DEDBE43}"
EndProject
Project("{8BC9CEB8-8B4A-11D0-8D11-00A0C91BC942}") = "basic_c", "basic_c\basic_c.vcxproj", "{5F8138E7-ACF7-4659-8BE7-7BD521880C90}"
EndProject
Project("{8BC9CEB8-8B4A-11D0-8D11-00A0C91BC942}") = "6_2_4_Shared_Memory", "chapter05\6_2_4_Shared_Memory\6_2_4_Shared_Memory.vcxproj", "{3FBCD766-D327-40A7-9C6B-F5D0B4D461AA}"
EndProject
Project("{8BC9CEB8-8B4A-11D0-8D11-00A0C91BC942}") = "warp_shuffle_bcast", "chapter05\warp_shuffle\warp_shuffle.vcxproj", "{CEC56246-2E38-42FB-BA9E-B23EF9DD2376}"
EndProject
Project("{8BC9CEB8-8B4A-11D0-8D11-00A0C91BC942}") = "warp_shuffle_scan", "chapter05\warp_shuffle_scan\warp_shuffle_scan.vcxproj", "{C313EB2E-4E9B-4B26-A3F0-F4E8860002EA}"
EndProject
Project("{8BC9CEB8-8B4A-11D0-8D11-00A0C91BC942}") = "warp_reduce", "chapter05\warp_reduce\warp_reduce.vcxproj", "{4176D5FA-3459-4E26-8782-AB814063A557}"
EndProject
Project("{8BC9CEB8-8B4A-11D0-8D11-00A0C91BC942}") = "simpleHyperqBreadth", "chapter06\simpleHyperqBreath\simpleHyperqBreath.vcxproj", "{84A6C108-5B21-4EBF-88D6-B8E16C6D058B}"
EndProject
Project("{8BC9CEB8-8B4A-11D0-8D11-00A0C91BC942}") = "simpleHyperqOpenmp", "chapter06\simpleHyperqOpenmp\simpleHyperqOpenmp.vcxproj", "{EDB6D3F6-0D00-45CB-8964-BBB4C25AA166}"
EndProject
Project("{8BC9CEB8-8B4A-11D0-8D11-00A0C91BC942}") = "simpleHyperqDependence", "chapter06\simpleHyperqDependence\simpleHyperqDependence.vcxproj", "{6221633E-0044-412C-A8F4-FB204B682805}"
EndProject
Project("{8BC9CEB8-8B4A-11D0-8D11-00A0C91BC942}") = "simpleMultAddDepth", "chapter06\simpleMultiAddDepth\simpleMultiAddDepth.vcxproj", "{8854C579-FF5B-417D-B3F6-E8012BA9CFBF}"
EndProject
Project("{8BC9CEB8-8B4A-11D0-8D11-00A0C91BC942}") = "simpleMultAddBreadth", "chapter06\simpleMultAddBreadth\simpleMultAddBreadth.vcxproj", "{D0034C7E-5DD5-4C3D-86B6-CBE354723C91}"
EndProject
Project("{8BC9CEB8-8B4A-11D0-8D11-00A0C91BC942}") = "syncAPI", "chapter06\syncAPI\syncAPI.vcxproj", "{8F786835-35A9-410A-BB51-43BA91B83E9A}"
EndProject
Project("{8BC9CEB8-8B4A-11D0-8D11-00A0C91BC942}") = "simpleCallback", "chapter06\simpleCallback\simpleCallback.vcxproj", "{502B5969-B002-49BD-8421-B4109CA2EDEA}"
EndProject
Project("{8BC9CEB8-8B4A-11D0-8D11-00A0C91BC942}") = "float-point-accuracy", "chapter07\float-point-accuracy\float-point-accuracy.vcxproj", "{C5D04CD6-4692-4C18-ADC1-9FAC2802B336}"
EndProject
Project("{8BC9CEB8-8B4A-11D0-8D11-00A0C91BC942}") = "floating-point-perf", "chapter07\floating-point-perf\floating-point-perf.vcxproj", "{C4CF1A7D-C9DC-4892-95B5-D218717ED0AE}"
EndProject
Project("{8BC9CEB8-8B4A-11D0-8D11-00A0C91BC942}") = "intrinsic-standard-comp", "chapter07\intrinsic-standard-comp\intrinsic-standard-comp.vcxproj", "{DDD0DBD1-871A-4036-BBA4-DDA8A4771AC2}"
EndProject
Project("{8BC9CEB8-8B4A-11D0-8D11-00A0C91BC942}") = "fmad", "chapter07\fmad\fmad.vcxproj", "{1825BBCA-31DD-4BB2-8E3E-CC5DE04CC590}"
EndProject
Project("{8BC9CEB8-8B4A-11D0-8D11-00A0C91BC942}") = "my-atomic-add", "chapter07\my-atomic-add\my-atomic-add.vcxproj", "{3335351A-5522-4CA5-8368-B5EF126589CD}"
EndProject
Project("{8BC9CEB8-8B4A-11D0-8D11-00A0C91BC942}") = "atomic-ordering", "chapter07\atomic-ordering\atomic-ordering.vcxproj", "{41A59B2E-8643-4CBF-A9D4-739F4F6D0761}"
EndProject
Project("{8BC9CEB8-8B4A-11D0-8D11-00A0C91BC942}") = "nobody", "chapter07\nobody\nobody.vcxproj", "{435D56BD-5517-479C-8ECD-031A469A7F2A}"
EndProject
Project("{8BC9CEB8-8B4A-11D0-8D11-00A0C91BC942}") = "cusparse-prune-dense-to-sparse", "chapter08\cusparse\cusparse.vcxproj", "{C1647177-011B-42F0-9549-9E758D8CAFF6}"
EndProject
Project("{8BC9CEB8-8B4A-11D0-8D11-00A0C91BC942}") = "cublas", "chapter08\cublas\cublas.vcxproj", "{C91518A5-1758-4917-B415-251DB0C17032}"
EndProject
Project("{8BC9CEB8-8B4A-11D0-8D11-00A0C91BC942}") = "cufft", "chapter08\cufft\cufft.vcxproj", "{AC371C16-2AD9-484A-8A4C-F93BA4C862E6}"
EndProject
Project("{8BC9CEB8-8B4A-11D0-8D11-00A0C91BC942}") = "replace-rand", "chapter08\replace-rand\replace-rand.vcxproj", "{954DC0C1-7DD2-4058-A460-AD2A91033384}"
EndProject
Project("{8BC9CEB8-8B4A-11D0-8D11-00A0C91BC942}") = "replace-curand-streams", "chapter08\replace-curand-streams\replace-curand-streams.vcxproj", "{CDCB7161-3B61-4AD4-B762-3272C32C426F}"
EndProject
Project("{8BC9CEB8-8B4A-11D0-8D11-00A0C91BC942}") = "rand-kernel", "chapter08\rand-kernel\rand-kernel.vcxproj", "{2AB3EF55-E7A2-4D2F-B546-DE8D7EF4520E}"
EndProject
Project("{8BC9CEB8-8B4A-11D0-8D11-00A0C91BC942}") = "cufft-multi", "chapter08\cufft-multi\cufft-multi.vcxproj", "{4D9365E5-D770-49F0-A525-8BE86ACC527B}"
EndProject
Project("{8BC9CEB8-8B4A-11D0-8D11-00A0C91BC942}") = "cuda-openacc", "chapter08\cuda-openacc\cuda-openacc.vcxproj", "{589FF92B-A2C6-4D2D-94AE-EDFDF2DD8CE6}"
EndProject
Project("{8BC9CEB8-8B4A-11D0-8D11-00A0C91BC942}") = "simple-data", "chapter08\simple-data\simple-data.vcxproj", "{2B5EE52E-CB3B-4CEB-BA69-673DCE39B2ED}"
EndProject
Project("{8BC9CEB8-8B4A-11D0-8D11-00A0C91BC942}") = "simple-parallel", "chatper08\simple-parallel\simple-parallel.vcxproj", "{747E73E8-DCEB-4C05-836D-08B2ABB42630}"
EndProject
Project("{8BC9CEB8-8B4A-11D0-8D11-00A0C91BC942}") = "Example_1", "chapter01\Example_1\Example_1.vcxproj", "{5F69AFB2-2588-4098-8CDB-1FEC1694AE28}"
EndProject
Project("{8BC9CEB8-8B4A-11D0-8D11-00A0C91BC942}") = "sumArrayOnHost", "chapter02\sumArrayOnHost\sumArrayOnHost.vcxproj", "{1CAE8259-B40B-4DE1-811C-75F005FB500E}"
EndProject
Project("{8BC9CEB8-8B4A-11D0-8D11-00A0C91BC942}") = "inspecting_kernel", "inspecting_kernel\inspecting_kernel.vcxproj", "{187AB764-0054-4472-A06F-CB9848B739C5}"
EndProject
Project("{8BC9CEB8-8B4A-11D0-8D11-00A0C91BC942}") = "simple2DFD", "chapter09-muti-gpu-programming\simple2DFD\simple2DFD.vcxproj", "{F1E4EFD4-D1A0-42F0-B079-C303B9343656}"
EndProject
Global
	GlobalSection(SolutionConfigurationPlatforms) = preSolution
		Debug|x64 = Debug|x64
		Debug|x86 = Debug|x86
		Release|x64 = Release|x64
		Release|x86 = Release|x86
	EndGlobalSection
	GlobalSection(ProjectConfigurationPlatforms) = postSolution
		{5E7F912D-CE1A-4840-A65B-D2800FBD8548}.Debug|x64.ActiveCfg = Debug|x64
		{5E7F912D-CE1A-4840-A65B-D2800FBD8548}.Debug|x64.Build.0 = Debug|x64
		{5E7F912D-CE1A-4840-A65B-D2800FBD8548}.Debug|x86.ActiveCfg = Debug|x64
		{5E7F912D-CE1A-4840-A65B-D2800FBD8548}.Debug|x86.Build.0 = Debug|x64
		{5E7F912D-CE1A-4840-A65B-D2800FBD8548}.Release|x64.ActiveCfg = Release|x64
		{5E7F912D-CE1A-4840-A65B-D2800FBD8548}.Release|x64.Build.0 = Release|x64
		{5E7F912D-CE1A-4840-A65B-D2800FBD8548}.Release|x86.ActiveCfg = Release|x64
		{5E7F912D-CE1A-4840-A65B-D2800FBD8548}.Release|x86.Build.0 = Release|x64
		{FA08ED75-686E-4E33-8716-6D54660EAC8B}.Debug|x64.ActiveCfg = Debug|x64
		{FA08ED75-686E-4E33-8716-6D54660EAC8B}.Debug|x64.Build.0 = Debug|x64
		{FA08ED75-686E-4E33-8716-6D54660EAC8B}.Debug|x86.ActiveCfg = Debug|x64
		{FA08ED75-686E-4E33-8716-6D54660EAC8B}.Debug|x86.Build.0 = Debug|x64
		{FA08ED75-686E-4E33-8716-6D54660EAC8B}.Release|x64.ActiveCfg = Release|x64
		{FA08ED75-686E-4E33-8716-6D54660EAC8B}.Release|x64.Build.0 = Release|x64
		{FA08ED75-686E-4E33-8716-6D54660EAC8B}.Release|x86.ActiveCfg = Release|x64
		{FA08ED75-686E-4E33-8716-6D54660EAC8B}.Release|x86.Build.0 = Release|x64
		{58AB5A65-B5BD-48E6-93A8-7A00E62F5F7C}.Debug|x64.ActiveCfg = Debug|x64
		{58AB5A65-B5BD-48E6-93A8-7A00E62F5F7C}.Debug|x64.Build.0 = Debug|x64
		{58AB5A65-B5BD-48E6-93A8-7A00E62F5F7C}.Debug|x86.ActiveCfg = Debug|x64
		{58AB5A65-B5BD-48E6-93A8-7A00E62F5F7C}.Debug|x86.Build.0 = Debug|x64
		{58AB5A65-B5BD-48E6-93A8-7A00E62F5F7C}.Release|x64.ActiveCfg = Release|x64
		{58AB5A65-B5BD-48E6-93A8-7A00E62F5F7C}.Release|x64.Build.0 = Release|x64
		{58AB5A65-B5BD-48E6-93A8-7A00E62F5F7C}.Release|x86.ActiveCfg = Release|x64
		{58AB5A65-B5BD-48E6-93A8-7A00E62F5F7C}.Release|x86.Build.0 = Release|x64
		{32E2A668-394E-4362-B12C-CF70518A4CFE}.Debug|x64.ActiveCfg = Debug|x64
		{32E2A668-394E-4362-B12C-CF70518A4CFE}.Debug|x64.Build.0 = Debug|x64
		{32E2A668-394E-4362-B12C-CF70518A4CFE}.Debug|x86.ActiveCfg = Debug|x64
		{32E2A668-394E-4362-B12C-CF70518A4CFE}.Debug|x86.Build.0 = Debug|x64
		{32E2A668-394E-4362-B12C-CF70518A4CFE}.Release|x64.ActiveCfg = Release|x64
		{32E2A668-394E-4362-B12C-CF70518A4CFE}.Release|x64.Build.0 = Release|x64
		{32E2A668-394E-4362-B12C-CF70518A4CFE}.Release|x86.ActiveCfg = Release|x64
		{32E2A668-394E-4362-B12C-CF70518A4CFE}.Release|x86.Build.0 = Release|x64
		{5AC1E598-12AC-413A-BD39-C1FB97695EFD}.Debug|x64.ActiveCfg = Debug|x64
		{5AC1E598-12AC-413A-BD39-C1FB97695EFD}.Debug|x64.Build.0 = Debug|x64
		{5AC1E598-12AC-413A-BD39-C1FB97695EFD}.Debug|x86.ActiveCfg = Debug|x64
		{5AC1E598-12AC-413A-BD39-C1FB97695EFD}.Debug|x86.Build.0 = Debug|x64
		{5AC1E598-12AC-413A-BD39-C1FB97695EFD}.Release|x64.ActiveCfg = Release|x64
		{5AC1E598-12AC-413A-BD39-C1FB97695EFD}.Release|x64.Build.0 = Release|x64
		{5AC1E598-12AC-413A-BD39-C1FB97695EFD}.Release|x86.ActiveCfg = Release|x64
		{5AC1E598-12AC-413A-BD39-C1FB97695EFD}.Release|x86.Build.0 = Release|x64
		{910418B7-9586-4A0A-8B8F-64607D047FBD}.Debug|x64.ActiveCfg = Debug|x64
		{910418B7-9586-4A0A-8B8F-64607D047FBD}.Debug|x64.Build.0 = Debug|x64
		{910418B7-9586-4A0A-8B8F-64607D047FBD}.Debug|x86.ActiveCfg = Debug|x64
		{910418B7-9586-4A0A-8B8F-64607D047FBD}.Debug|x86.Build.0 = Debug|x64
		{910418B7-9586-4A0A-8B8F-64607D047FBD}.Release|x64.ActiveCfg = Release|x64
		{910418B7-9586-4A0A-8B8F-64607D047FBD}.Release|x64.Build.0 = Release|x64
		{910418B7-9586-4A0A-8B8F-64607D047FBD}.Release|x86.ActiveCfg = Release|x64
		{910418B7-9586-4A0A-8B8F-64607D047FBD}.Release|x86.Build.0 = Release|x64
		{49B2E7D6-A487-4F17-80B9-BCBFC47D67B6}.Debug|x64.ActiveCfg = Debug|x64
		{49B2E7D6-A487-4F17-80B9-BCBFC47D67B6}.Debug|x64.Build.0 = Debug|x64
		{49B2E7D6-A487-4F17-80B9-BCBFC47D67B6}.Debug|x86.ActiveCfg = Debug|x64
		{49B2E7D6-A487-4F17-80B9-BCBFC47D67B6}.Debug|x86.Build.0 = Debug|x64
		{49B2E7D6-A487-4F17-80B9-BCBFC47D67B6}.Release|x64.ActiveCfg = Release|x64
		{49B2E7D6-A487-4F17-80B9-BCBFC47D67B6}.Release|x64.Build.0 = Release|x64
		{49B2E7D6-A487-4F17-80B9-BCBFC47D67B6}.Release|x86.ActiveCfg = Release|x64
		{49B2E7D6-A487-4F17-80B9-BCBFC47D67B6}.Release|x86.Build.0 = Release|x64
		{D647D0BF-BA2D-4DA9-8BCF-1C7278C3BAD8}.Debug|x64.ActiveCfg = Debug|x64
		{D647D0BF-BA2D-4DA9-8BCF-1C7278C3BAD8}.Debug|x64.Build.0 = Debug|x64
		{D647D0BF-BA2D-4DA9-8BCF-1C7278C3BAD8}.Debug|x86.ActiveCfg = Debug|x64
		{D647D0BF-BA2D-4DA9-8BCF-1C7278C3BAD8}.Debug|x86.Build.0 = Debug|x64
		{D647D0BF-BA2D-4DA9-8BCF-1C7278C3BAD8}.Release|x64.ActiveCfg = Release|x64
		{D647D0BF-BA2D-4DA9-8BCF-1C7278C3BAD8}.Release|x64.Build.0 = Release|x64
		{D647D0BF-BA2D-4DA9-8BCF-1C7278C3BAD8}.Release|x86.ActiveCfg = Release|x64
		{D647D0BF-BA2D-4DA9-8BCF-1C7278C3BAD8}.Release|x86.Build.0 = Release|x64
		{C5E0AEBA-E2C3-4D9A-B39D-1E05E747FFE7}.Debug|x64.ActiveCfg = Debug|x64
		{C5E0AEBA-E2C3-4D9A-B39D-1E05E747FFE7}.Debug|x64.Build.0 = Debug|x64
		{C5E0AEBA-E2C3-4D9A-B39D-1E05E747FFE7}.Debug|x86.ActiveCfg = Debug|x64
		{C5E0AEBA-E2C3-4D9A-B39D-1E05E747FFE7}.Debug|x86.Build.0 = Debug|x64
		{C5E0AEBA-E2C3-4D9A-B39D-1E05E747FFE7}.Release|x64.ActiveCfg = Release|x64
		{C5E0AEBA-E2C3-4D9A-B39D-1E05E747FFE7}.Release|x64.Build.0 = Release|x64
		{C5E0AEBA-E2C3-4D9A-B39D-1E05E747FFE7}.Release|x86.ActiveCfg = Release|x64
		{C5E0AEBA-E2C3-4D9A-B39D-1E05E747FFE7}.Release|x86.Build.0 = Release|x64
		{401C73A4-02F0-4474-8187-96BC5DE0773B}.Debug|x64.ActiveCfg = Debug|x64
		{401C73A4-02F0-4474-8187-96BC5DE0773B}.Debug|x64.Build.0 = Debug|x64
		{401C73A4-02F0-4474-8187-96BC5DE0773B}.Debug|x86.ActiveCfg = Debug|x64
		{401C73A4-02F0-4474-8187-96BC5DE0773B}.Debug|x86.Build.0 = Debug|x64
		{401C73A4-02F0-4474-8187-96BC5DE0773B}.Release|x64.ActiveCfg = Release|x64
		{401C73A4-02F0-4474-8187-96BC5DE0773B}.Release|x64.Build.0 = Release|x64
		{401C73A4-02F0-4474-8187-96BC5DE0773B}.Release|x86.ActiveCfg = Release|x64
		{401C73A4-02F0-4474-8187-96BC5DE0773B}.Release|x86.Build.0 = Release|x64
		{49CDC2EF-415C-44F1-A329-45216C582003}.Debug|x64.ActiveCfg = Debug|x64
		{49CDC2EF-415C-44F1-A329-45216C582003}.Debug|x64.Build.0 = Debug|x64
		{49CDC2EF-415C-44F1-A329-45216C582003}.Debug|x86.ActiveCfg = Debug|x64
		{49CDC2EF-415C-44F1-A329-45216C582003}.Debug|x86.Build.0 = Debug|x64
		{49CDC2EF-415C-44F1-A329-45216C582003}.Release|x64.ActiveCfg = Release|x64
		{49CDC2EF-415C-44F1-A329-45216C582003}.Release|x64.Build.0 = Release|x64
		{49CDC2EF-415C-44F1-A329-45216C582003}.Release|x86.ActiveCfg = Release|x64
		{49CDC2EF-415C-44F1-A329-45216C582003}.Release|x86.Build.0 = Release|x64
		{5146FB20-A60D-42F6-9773-C16D0D13F479}.Debug|x64.ActiveCfg = Debug|x64
		{5146FB20-A60D-42F6-9773-C16D0D13F479}.Debug|x64.Build.0 = Debug|x64
		{5146FB20-A60D-42F6-9773-C16D0D13F479}.Debug|x86.ActiveCfg = Debug|x64
		{5146FB20-A60D-42F6-9773-C16D0D13F479}.Debug|x86.Build.0 = Debug|x64
		{5146FB20-A60D-42F6-9773-C16D0D13F479}.Release|x64.ActiveCfg = Release|x64
		{5146FB20-A60D-42F6-9773-C16D0D13F479}.Release|x64.Build.0 = Release|x64
		{5146FB20-A60D-42F6-9773-C16D0D13F479}.Release|x86.ActiveCfg = Release|x64
		{5146FB20-A60D-42F6-9773-C16D0D13F479}.Release|x86.Build.0 = Release|x64
		{F8A5DC73-10F1-4A6C-9F89-E70A376F4B27}.Debug|x64.ActiveCfg = Debug|x64
		{F8A5DC73-10F1-4A6C-9F89-E70A376F4B27}.Debug|x64.Build.0 = Debug|x64
		{F8A5DC73-10F1-4A6C-9F89-E70A376F4B27}.Debug|x86.ActiveCfg = Debug|x64
		{F8A5DC73-10F1-4A6C-9F89-E70A376F4B27}.Debug|x86.Build.0 = Debug|x64
		{F8A5DC73-10F1-4A6C-9F89-E70A376F4B27}.Release|x64.ActiveCfg = Release|x64
		{F8A5DC73-10F1-4A6C-9F89-E70A376F4B27}.Release|x64.Build.0 = Release|x64
		{F8A5DC73-10F1-4A6C-9F89-E70A376F4B27}.Release|x86.ActiveCfg = Release|x64
		{F8A5DC73-10F1-4A6C-9F89-E70A376F4B27}.Release|x86.Build.0 = Release|x64
		{97C40794-B659-4DD2-A9FF-D7967AC3C248}.Debug|x64.ActiveCfg = Debug|x64
		{97C40794-B659-4DD2-A9FF-D7967AC3C248}.Debug|x64.Build.0 = Debug|x64
		{97C40794-B659-4DD2-A9FF-D7967AC3C248}.Debug|x86.ActiveCfg = Debug|x64
		{97C40794-B659-4DD2-A9FF-D7967AC3C248}.Debug|x86.Build.0 = Debug|x64
		{97C40794-B659-4DD2-A9FF-D7967AC3C248}.Release|x64.ActiveCfg = Release|x64
		{97C40794-B659-4DD2-A9FF-D7967AC3C248}.Release|x64.Build.0 = Release|x64
		{97C40794-B659-4DD2-A9FF-D7967AC3C248}.Release|x86.ActiveCfg = Release|x64
		{97C40794-B659-4DD2-A9FF-D7967AC3C248}.Release|x86.Build.0 = Release|x64
		{1D04D7FD-4488-4619-8C66-FF9321C710D3}.Debug|x64.ActiveCfg = Debug|x64
		{1D04D7FD-4488-4619-8C66-FF9321C710D3}.Debug|x64.Build.0 = Debug|x64
		{1D04D7FD-4488-4619-8C66-FF9321C710D3}.Debug|x86.ActiveCfg = Debug|x64
		{1D04D7FD-4488-4619-8C66-FF9321C710D3}.Debug|x86.Build.0 = Debug|x64
		{1D04D7FD-4488-4619-8C66-FF9321C710D3}.Release|x64.ActiveCfg = Release|x64
		{1D04D7FD-4488-4619-8C66-FF9321C710D3}.Release|x64.Build.0 = Release|x64
		{1D04D7FD-4488-4619-8C66-FF9321C710D3}.Release|x86.ActiveCfg = Release|x64
		{1D04D7FD-4488-4619-8C66-FF9321C710D3}.Release|x86.Build.0 = Release|x64
		{2B6D6183-A668-498A-BF55-DE16725B5BD7}.Debug|x64.ActiveCfg = Debug|x64
		{2B6D6183-A668-498A-BF55-DE16725B5BD7}.Debug|x64.Build.0 = Debug|x64
		{2B6D6183-A668-498A-BF55-DE16725B5BD7}.Debug|x86.ActiveCfg = Debug|x64
		{2B6D6183-A668-498A-BF55-DE16725B5BD7}.Debug|x86.Build.0 = Debug|x64
		{2B6D6183-A668-498A-BF55-DE16725B5BD7}.Release|x64.ActiveCfg = Release|x64
		{2B6D6183-A668-498A-BF55-DE16725B5BD7}.Release|x64.Build.0 = Release|x64
		{2B6D6183-A668-498A-BF55-DE16725B5BD7}.Release|x86.ActiveCfg = Release|x64
		{2B6D6183-A668-498A-BF55-DE16725B5BD7}.Release|x86.Build.0 = Release|x64
		{B74652A8-E438-4E58-938F-82ABAD2E168F}.Debug|x64.ActiveCfg = Debug|x64
		{B74652A8-E438-4E58-938F-82ABAD2E168F}.Debug|x64.Build.0 = Debug|x64
		{B74652A8-E438-4E58-938F-82ABAD2E168F}.Debug|x86.ActiveCfg = Debug|x64
		{B74652A8-E438-4E58-938F-82ABAD2E168F}.Debug|x86.Build.0 = Debug|x64
		{B74652A8-E438-4E58-938F-82ABAD2E168F}.Release|x64.ActiveCfg = Release|x64
		{B74652A8-E438-4E58-938F-82ABAD2E168F}.Release|x64.Build.0 = Release|x64
		{B74652A8-E438-4E58-938F-82ABAD2E168F}.Release|x86.ActiveCfg = Release|x64
		{B74652A8-E438-4E58-938F-82ABAD2E168F}.Release|x86.Build.0 = Release|x64
		{37703C92-8C6D-4496-8B3D-5CE67343EF37}.Debug|x64.ActiveCfg = Debug|x64
		{37703C92-8C6D-4496-8B3D-5CE67343EF37}.Debug|x64.Build.0 = Debug|x64
		{37703C92-8C6D-4496-8B3D-5CE67343EF37}.Debug|x86.ActiveCfg = Debug|x64
		{37703C92-8C6D-4496-8B3D-5CE67343EF37}.Debug|x86.Build.0 = Debug|x64
		{37703C92-8C6D-4496-8B3D-5CE67343EF37}.Release|x64.ActiveCfg = Release|x64
		{37703C92-8C6D-4496-8B3D-5CE67343EF37}.Release|x64.Build.0 = Release|x64
		{37703C92-8C6D-4496-8B3D-5CE67343EF37}.Release|x86.ActiveCfg = Release|x64
		{37703C92-8C6D-4496-8B3D-5CE67343EF37}.Release|x86.Build.0 = Release|x64
		{A598BD9B-F1AA-4BC6-9BC8-7E6C28EF8483}.Debug|x64.ActiveCfg = Debug|x64
		{A598BD9B-F1AA-4BC6-9BC8-7E6C28EF8483}.Debug|x64.Build.0 = Debug|x64
		{A598BD9B-F1AA-4BC6-9BC8-7E6C28EF8483}.Debug|x86.ActiveCfg = Debug|x64
		{A598BD9B-F1AA-4BC6-9BC8-7E6C28EF8483}.Debug|x86.Build.0 = Debug|x64
		{A598BD9B-F1AA-4BC6-9BC8-7E6C28EF8483}.Release|x64.ActiveCfg = Release|x64
		{A598BD9B-F1AA-4BC6-9BC8-7E6C28EF8483}.Release|x64.Build.0 = Release|x64
		{A598BD9B-F1AA-4BC6-9BC8-7E6C28EF8483}.Release|x86.ActiveCfg = Release|x64
		{A598BD9B-F1AA-4BC6-9BC8-7E6C28EF8483}.Release|x86.Build.0 = Release|x64
		{1896BDA8-5F8D-4109-BC18-AF546E3FBD41}.Debug|x64.ActiveCfg = Debug|x64
		{1896BDA8-5F8D-4109-BC18-AF546E3FBD41}.Debug|x64.Build.0 = Debug|x64
		{1896BDA8-5F8D-4109-BC18-AF546E3FBD41}.Debug|x86.ActiveCfg = Debug|x64
		{1896BDA8-5F8D-4109-BC18-AF546E3FBD41}.Debug|x86.Build.0 = Debug|x64
		{1896BDA8-5F8D-4109-BC18-AF546E3FBD41}.Release|x64.ActiveCfg = Release|x64
		{1896BDA8-5F8D-4109-BC18-AF546E3FBD41}.Release|x64.Build.0 = Release|x64
		{1896BDA8-5F8D-4109-BC18-AF546E3FBD41}.Release|x86.ActiveCfg = Release|x64
		{1896BDA8-5F8D-4109-BC18-AF546E3FBD41}.Release|x86.Build.0 = Release|x64
		{C1AC95FB-1F2C-44DF-B6CA-F628A4722032}.Debug|x64.ActiveCfg = Debug|x64
		{C1AC95FB-1F2C-44DF-B6CA-F628A4722032}.Debug|x64.Build.0 = Debug|x64
		{C1AC95FB-1F2C-44DF-B6CA-F628A4722032}.Debug|x86.ActiveCfg = Debug|x64
		{C1AC95FB-1F2C-44DF-B6CA-F628A4722032}.Debug|x86.Build.0 = Debug|x64
		{C1AC95FB-1F2C-44DF-B6CA-F628A4722032}.Release|x64.ActiveCfg = Release|x64
		{C1AC95FB-1F2C-44DF-B6CA-F628A4722032}.Release|x64.Build.0 = Release|x64
		{C1AC95FB-1F2C-44DF-B6CA-F628A4722032}.Release|x86.ActiveCfg = Release|x64
		{C1AC95FB-1F2C-44DF-B6CA-F628A4722032}.Release|x86.Build.0 = Release|x64
		{17DA6F29-6430-4A1C-867C-F5502520B0BB}.Debug|x64.ActiveCfg = Debug|x64
		{17DA6F29-6430-4A1C-867C-F5502520B0BB}.Debug|x64.Build.0 = Debug|x64
		{17DA6F29-6430-4A1C-867C-F5502520B0BB}.Debug|x86.ActiveCfg = Debug|x64
		{17DA6F29-6430-4A1C-867C-F5502520B0BB}.Debug|x86.Build.0 = Debug|x64
		{17DA6F29-6430-4A1C-867C-F5502520B0BB}.Release|x64.ActiveCfg = Release|x64
		{17DA6F29-6430-4A1C-867C-F5502520B0BB}.Release|x64.Build.0 = Release|x64
		{17DA6F29-6430-4A1C-867C-F5502520B0BB}.Release|x86.ActiveCfg = Release|x64
		{17DA6F29-6430-4A1C-867C-F5502520B0BB}.Release|x86.Build.0 = Release|x64
		{22E5D897-EF09-4B79-BE8B-68852480F833}.Debug|x64.ActiveCfg = Debug|x64
		{22E5D897-EF09-4B79-BE8B-68852480F833}.Debug|x64.Build.0 = Debug|x64
		{22E5D897-EF09-4B79-BE8B-68852480F833}.Debug|x86.ActiveCfg = Debug|x64
		{22E5D897-EF09-4B79-BE8B-68852480F833}.Debug|x86.Build.0 = Debug|x64
		{22E5D897-EF09-4B79-BE8B-68852480F833}.Release|x64.ActiveCfg = Release|x64
		{22E5D897-EF09-4B79-BE8B-68852480F833}.Release|x64.Build.0 = Release|x64
		{22E5D897-EF09-4B79-BE8B-68852480F833}.Release|x86.ActiveCfg = Release|x64
		{22E5D897-EF09-4B79-BE8B-68852480F833}.Release|x86.Build.0 = Release|x64
		{3666B0F9-4352-449C-BBE7-B5B6359F97B3}.Debug|x64.ActiveCfg = Debug|x64
		{3666B0F9-4352-449C-BBE7-B5B6359F97B3}.Debug|x64.Build.0 = Debug|x64
		{3666B0F9-4352-449C-BBE7-B5B6359F97B3}.Debug|x86.ActiveCfg = Debug|x64
		{3666B0F9-4352-449C-BBE7-B5B6359F97B3}.Debug|x86.Build.0 = Debug|x64
		{3666B0F9-4352-449C-BBE7-B5B6359F97B3}.Release|x64.ActiveCfg = Release|x64
		{3666B0F9-4352-449C-BBE7-B5B6359F97B3}.Release|x64.Build.0 = Release|x64
		{3666B0F9-4352-449C-BBE7-B5B6359F97B3}.Release|x86.ActiveCfg = Release|x64
		{3666B0F9-4352-449C-BBE7-B5B6359F97B3}.Release|x86.Build.0 = Release|x64
		{10DF86BB-188A-47CD-87BF-3E064DC783D8}.Debug|x64.ActiveCfg = Debug|x64
		{10DF86BB-188A-47CD-87BF-3E064DC783D8}.Debug|x64.Build.0 = Debug|x64
		{10DF86BB-188A-47CD-87BF-3E064DC783D8}.Debug|x86.ActiveCfg = Debug|x64
		{10DF86BB-188A-47CD-87BF-3E064DC783D8}.Debug|x86.Build.0 = Debug|x64
		{10DF86BB-188A-47CD-87BF-3E064DC783D8}.Release|x64.ActiveCfg = Release|x64
		{10DF86BB-188A-47CD-87BF-3E064DC783D8}.Release|x64.Build.0 = Release|x64
		{10DF86BB-188A-47CD-87BF-3E064DC783D8}.Release|x86.ActiveCfg = Release|x64
		{10DF86BB-188A-47CD-87BF-3E064DC783D8}.Release|x86.Build.0 = Release|x64
		{5EFC2049-4824-44C6-A828-201CB9ED4842}.Debug|x64.ActiveCfg = Debug|x64
		{5EFC2049-4824-44C6-A828-201CB9ED4842}.Debug|x64.Build.0 = Debug|x64
		{5EFC2049-4824-44C6-A828-201CB9ED4842}.Debug|x86.ActiveCfg = Debug|x64
		{5EFC2049-4824-44C6-A828-201CB9ED4842}.Debug|x86.Build.0 = Debug|x64
		{5EFC2049-4824-44C6-A828-201CB9ED4842}.Release|x64.ActiveCfg = Release|x64
		{5EFC2049-4824-44C6-A828-201CB9ED4842}.Release|x64.Build.0 = Release|x64
		{5EFC2049-4824-44C6-A828-201CB9ED4842}.Release|x86.ActiveCfg = Release|x64
		{5EFC2049-4824-44C6-A828-201CB9ED4842}.Release|x86.Build.0 = Release|x64
		{9C497653-8E0F-4F53-8294-E8AF5CA3B3D7}.Debug|x64.ActiveCfg = Debug|x64
		{9C497653-8E0F-4F53-8294-E8AF5CA3B3D7}.Debug|x64.Build.0 = Debug|x64
		{9C497653-8E0F-4F53-8294-E8AF5CA3B3D7}.Debug|x86.ActiveCfg = Debug|x64
		{9C497653-8E0F-4F53-8294-E8AF5CA3B3D7}.Debug|x86.Build.0 = Debug|x64
		{9C497653-8E0F-4F53-8294-E8AF5CA3B3D7}.Release|x64.ActiveCfg = Release|x64
		{9C497653-8E0F-4F53-8294-E8AF5CA3B3D7}.Release|x64.Build.0 = Release|x64
		{9C497653-8E0F-4F53-8294-E8AF5CA3B3D7}.Release|x86.ActiveCfg = Release|x64
		{9C497653-8E0F-4F53-8294-E8AF5CA3B3D7}.Release|x86.Build.0 = Release|x64
		{FD9D2F5C-ACAF-4E39-BF33-9DBD41CF3653}.Debug|x64.ActiveCfg = Debug|x64
		{FD9D2F5C-ACAF-4E39-BF33-9DBD41CF3653}.Debug|x64.Build.0 = Debug|x64
		{FD9D2F5C-ACAF-4E39-BF33-9DBD41CF3653}.Debug|x86.ActiveCfg = Debug|x64
		{FD9D2F5C-ACAF-4E39-BF33-9DBD41CF3653}.Debug|x86.Build.0 = Debug|x64
		{FD9D2F5C-ACAF-4E39-BF33-9DBD41CF3653}.Release|x64.ActiveCfg = Release|x64
		{FD9D2F5C-ACAF-4E39-BF33-9DBD41CF3653}.Release|x64.Build.0 = Release|x64
		{FD9D2F5C-ACAF-4E39-BF33-9DBD41CF3653}.Release|x86.ActiveCfg = Release|x64
		{FD9D2F5C-ACAF-4E39-BF33-9DBD41CF3653}.Release|x86.Build.0 = Release|x64
		{6B3A3E83-66FE-4D09-82B0-689C25082BCE}.Debug|x64.ActiveCfg = Debug|x64
		{6B3A3E83-66FE-4D09-82B0-689C25082BCE}.Debug|x64.Build.0 = Debug|x64
		{6B3A3E83-66FE-4D09-82B0-689C25082BCE}.Debug|x86.ActiveCfg = Debug|x64
		{6B3A3E83-66FE-4D09-82B0-689C25082BCE}.Debug|x86.Build.0 = Debug|x64
		{6B3A3E83-66FE-4D09-82B0-689C25082BCE}.Release|x64.ActiveCfg = Release|x64
		{6B3A3E83-66FE-4D09-82B0-689C25082BCE}.Release|x64.Build.0 = Release|x64
		{6B3A3E83-66FE-4D09-82B0-689C25082BCE}.Release|x86.ActiveCfg = Release|x64
		{6B3A3E83-66FE-4D09-82B0-689C25082BCE}.Release|x86.Build.0 = Release|x64
		{1A690538-DCBB-47C9-8494-E1C300A2EB62}.Debug|x64.ActiveCfg = Debug|x64
		{1A690538-DCBB-47C9-8494-E1C300A2EB62}.Debug|x64.Build.0 = Debug|x64
		{1A690538-DCBB-47C9-8494-E1C300A2EB62}.Debug|x86.ActiveCfg = Debug|x64
		{1A690538-DCBB-47C9-8494-E1C300A2EB62}.Debug|x86.Build.0 = Debug|x64
		{1A690538-DCBB-47C9-8494-E1C300A2EB62}.Release|x64.ActiveCfg = Release|x64
		{1A690538-DCBB-47C9-8494-E1C300A2EB62}.Release|x64.Build.0 = Release|x64
		{1A690538-DCBB-47C9-8494-E1C300A2EB62}.Release|x86.ActiveCfg = Release|x64
		{1A690538-DCBB-47C9-8494-E1C300A2EB62}.Release|x86.Build.0 = Release|x64
		{EDAC8E9F-BE2F-4A04-9574-5F79F672DEF7}.Debug|x64.ActiveCfg = Debug|x64
		{EDAC8E9F-BE2F-4A04-9574-5F79F672DEF7}.Debug|x64.Build.0 = Debug|x64
		{EDAC8E9F-BE2F-4A04-9574-5F79F672DEF7}.Debug|x86.ActiveCfg = Debug|x64
		{EDAC8E9F-BE2F-4A04-9574-5F79F672DEF7}.Debug|x86.Build.0 = Debug|x64
		{EDAC8E9F-BE2F-4A04-9574-5F79F672DEF7}.Release|x64.ActiveCfg = Release|x64
		{EDAC8E9F-BE2F-4A04-9574-5F79F672DEF7}.Release|x64.Build.0 = Release|x64
		{EDAC8E9F-BE2F-4A04-9574-5F79F672DEF7}.Release|x86.ActiveCfg = Release|x64
		{EDAC8E9F-BE2F-4A04-9574-5F79F672DEF7}.Release|x86.Build.0 = Release|x64
		{D41B973E-106D-4557-A1CB-B90D8DA08009}.Debug|x64.ActiveCfg = Debug|x64
		{D41B973E-106D-4557-A1CB-B90D8DA08009}.Debug|x64.Build.0 = Debug|x64
		{D41B973E-106D-4557-A1CB-B90D8DA08009}.Debug|x86.ActiveCfg = Debug|x64
		{D41B973E-106D-4557-A1CB-B90D8DA08009}.Debug|x86.Build.0 = Debug|x64
		{D41B973E-106D-4557-A1CB-B90D8DA08009}.Release|x64.ActiveCfg = Release|x64
		{D41B973E-106D-4557-A1CB-B90D8DA08009}.Release|x64.Build.0 = Release|x64
		{D41B973E-106D-4557-A1CB-B90D8DA08009}.Release|x86.ActiveCfg = Release|x64
		{D41B973E-106D-4557-A1CB-B90D8DA08009}.Release|x86.Build.0 = Release|x64
		{F1A13D9E-1A41-44C6-A772-311D1075A5F4}.Debug|x64.ActiveCfg = Debug|x64
		{F1A13D9E-1A41-44C6-A772-311D1075A5F4}.Debug|x64.Build.0 = Debug|x64
		{F1A13D9E-1A41-44C6-A772-311D1075A5F4}.Debug|x86.ActiveCfg = Debug|x64
		{F1A13D9E-1A41-44C6-A772-311D1075A5F4}.Debug|x86.Build.0 = Debug|x64
		{F1A13D9E-1A41-44C6-A772-311D1075A5F4}.Release|x64.ActiveCfg = Release|x64
		{F1A13D9E-1A41-44C6-A772-311D1075A5F4}.Release|x64.Build.0 = Release|x64
		{F1A13D9E-1A41-44C6-A772-311D1075A5F4}.Release|x86.ActiveCfg = Release|x64
		{F1A13D9E-1A41-44C6-A772-311D1075A5F4}.Release|x86.Build.0 = Release|x64
		{8AF68478-B10C-49F5-82B3-49BAC16C3EB1}.Debug|x64.ActiveCfg = Debug|x64
		{8AF68478-B10C-49F5-82B3-49BAC16C3EB1}.Debug|x64.Build.0 = Debug|x64
		{8AF68478-B10C-49F5-82B3-49BAC16C3EB1}.Debug|x86.ActiveCfg = Debug|x64
		{8AF68478-B10C-49F5-82B3-49BAC16C3EB1}.Debug|x86.Build.0 = Debug|x64
		{8AF68478-B10C-49F5-82B3-49BAC16C3EB1}.Release|x64.ActiveCfg = Release|x64
		{8AF68478-B10C-49F5-82B3-49BAC16C3EB1}.Release|x64.Build.0 = Release|x64
		{8AF68478-B10C-49F5-82B3-49BAC16C3EB1}.Release|x86.ActiveCfg = Release|x64
		{8AF68478-B10C-49F5-82B3-49BAC16C3EB1}.Release|x86.Build.0 = Release|x64
		{E9882FF0-B6FB-48ED-95F8-43B23AE989A5}.Debug|x64.ActiveCfg = Debug|x64
		{E9882FF0-B6FB-48ED-95F8-43B23AE989A5}.Debug|x64.Build.0 = Debug|x64
		{E9882FF0-B6FB-48ED-95F8-43B23AE989A5}.Debug|x86.ActiveCfg = Debug|x64
		{E9882FF0-B6FB-48ED-95F8-43B23AE989A5}.Debug|x86.Build.0 = Debug|x64
		{E9882FF0-B6FB-48ED-95F8-43B23AE989A5}.Release|x64.ActiveCfg = Release|x64
		{E9882FF0-B6FB-48ED-95F8-43B23AE989A5}.Release|x64.Build.0 = Release|x64
		{E9882FF0-B6FB-48ED-95F8-43B23AE989A5}.Release|x86.ActiveCfg = Release|x64
		{E9882FF0-B6FB-48ED-95F8-43B23AE989A5}.Release|x86.Build.0 = Release|x64
		{EEEFD7BA-D094-4CC1-B4E2-6C61AFE051C9}.Debug|x64.ActiveCfg = Debug|x64
		{EEEFD7BA-D094-4CC1-B4E2-6C61AFE051C9}.Debug|x64.Build.0 = Debug|x64
		{EEEFD7BA-D094-4CC1-B4E2-6C61AFE051C9}.Debug|x86.ActiveCfg = Debug|x64
		{EEEFD7BA-D094-4CC1-B4E2-6C61AFE051C9}.Debug|x86.Build.0 = Debug|x64
		{EEEFD7BA-D094-4CC1-B4E2-6C61AFE051C9}.Release|x64.ActiveCfg = Release|x64
		{EEEFD7BA-D094-4CC1-B4E2-6C61AFE051C9}.Release|x64.Build.0 = Release|x64
		{EEEFD7BA-D094-4CC1-B4E2-6C61AFE051C9}.Release|x86.ActiveCfg = Release|x64
		{EEEFD7BA-D094-4CC1-B4E2-6C61AFE051C9}.Release|x86.Build.0 = Release|x64
		{6E61E48C-28C8-409D-AAF1-085F1BF8C808}.Debug|x64.ActiveCfg = Debug|x64
		{6E61E48C-28C8-409D-AAF1-085F1BF8C808}.Debug|x64.Build.0 = Debug|x64
		{6E61E48C-28C8-409D-AAF1-085F1BF8C808}.Debug|x86.ActiveCfg = Debug|x64
		{6E61E48C-28C8-409D-AAF1-085F1BF8C808}.Debug|x86.Build.0 = Debug|x64
		{6E61E48C-28C8-409D-AAF1-085F1BF8C808}.Release|x64.ActiveCfg = Release|x64
		{6E61E48C-28C8-409D-AAF1-085F1BF8C808}.Release|x64.Build.0 = Release|x64
		{6E61E48C-28C8-409D-AAF1-085F1BF8C808}.Release|x86.ActiveCfg = Release|x64
		{6E61E48C-28C8-409D-AAF1-085F1BF8C808}.Release|x86.Build.0 = Release|x64
		{7ECEF68F-ADF1-4EC3-8C9F-2D7EF0E56D09}.Debug|x64.ActiveCfg = Debug|x64
		{7ECEF68F-ADF1-4EC3-8C9F-2D7EF0E56D09}.Debug|x64.Build.0 = Debug|x64
		{7ECEF68F-ADF1-4EC3-8C9F-2D7EF0E56D09}.Debug|x86.ActiveCfg = Debug|x64
		{7ECEF68F-ADF1-4EC3-8C9F-2D7EF0E56D09}.Debug|x86.Build.0 = Debug|x64
		{7ECEF68F-ADF1-4EC3-8C9F-2D7EF0E56D09}.Release|x64.ActiveCfg = Release|x64
		{7ECEF68F-ADF1-4EC3-8C9F-2D7EF0E56D09}.Release|x64.Build.0 = Release|x64
		{7ECEF68F-ADF1-4EC3-8C9F-2D7EF0E56D09}.Release|x86.ActiveCfg = Release|x64
		{7ECEF68F-ADF1-4EC3-8C9F-2D7EF0E56D09}.Release|x86.Build.0 = Release|x64
		{E75AE0F8-6F44-4F9C-8BC9-233DC7C75DC5}.Debug|x64.ActiveCfg = Debug|x64
		{E75AE0F8-6F44-4F9C-8BC9-233DC7C75DC5}.Debug|x64.Build.0 = Debug|x64
		{E75AE0F8-6F44-4F9C-8BC9-233DC7C75DC5}.Debug|x86.ActiveCfg = Debug|x64
		{E75AE0F8-6F44-4F9C-8BC9-233DC7C75DC5}.Debug|x86.Build.0 = Debug|x64
		{E75AE0F8-6F44-4F9C-8BC9-233DC7C75DC5}.Release|x64.ActiveCfg = Release|x64
		{E75AE0F8-6F44-4F9C-8BC9-233DC7C75DC5}.Release|x64.Build.0 = Release|x64
		{E75AE0F8-6F44-4F9C-8BC9-233DC7C75DC5}.Release|x86.ActiveCfg = Release|x64
		{E75AE0F8-6F44-4F9C-8BC9-233DC7C75DC5}.Release|x86.Build.0 = Release|x64
		{FBEB1304-DF42-4C04-B0C7-99183DEDBE43}.Debug|x64.ActiveCfg = Debug|x64
		{FBEB1304-DF42-4C04-B0C7-99183DEDBE43}.Debug|x64.Build.0 = Debug|x64
		{FBEB1304-DF42-4C04-B0C7-99183DEDBE43}.Debug|x86.ActiveCfg = Debug|x64
		{FBEB1304-DF42-4C04-B0C7-99183DEDBE43}.Debug|x86.Build.0 = Debug|x64
		{FBEB1304-DF42-4C04-B0C7-99183DEDBE43}.Release|x64.ActiveCfg = Release|x64
		{FBEB1304-DF42-4C04-B0C7-99183DEDBE43}.Release|x64.Build.0 = Release|x64
		{FBEB1304-DF42-4C04-B0C7-99183DEDBE43}.Release|x86.ActiveCfg = Release|x64
		{FBEB1304-DF42-4C04-B0C7-99183DEDBE43}.Release|x86.Build.0 = Release|x64
		{5F8138E7-ACF7-4659-8BE7-7BD521880C90}.Debug|x64.ActiveCfg = Debug|x64
		{5F8138E7-ACF7-4659-8BE7-7BD521880C90}.Debug|x64.Build.0 = Debug|x64
		{5F8138E7-ACF7-4659-8BE7-7BD521880C90}.Debug|x86.ActiveCfg = Debug|Win32
		{5F8138E7-ACF7-4659-8BE7-7BD521880C90}.Debug|x86.Build.0 = Debug|Win32
		{5F8138E7-ACF7-4659-8BE7-7BD521880C90}.Release|x64.ActiveCfg = Release|x64
		{5F8138E7-ACF7-4659-8BE7-7BD521880C90}.Release|x64.Build.0 = Release|x64
		{5F8138E7-ACF7-4659-8BE7-7BD521880C90}.Release|x86.ActiveCfg = Release|Win32
		{5F8138E7-ACF7-4659-8BE7-7BD521880C90}.Release|x86.Build.0 = Release|Win32
		{3FBCD766-D327-40A7-9C6B-F5D0B4D461AA}.Debug|x64.ActiveCfg = Debug|x64
		{3FBCD766-D327-40A7-9C6B-F5D0B4D461AA}.Debug|x64.Build.0 = Debug|x64
		{3FBCD766-D327-40A7-9C6B-F5D0B4D461AA}.Debug|x86.ActiveCfg = Debug|x64
		{3FBCD766-D327-40A7-9C6B-F5D0B4D461AA}.Debug|x86.Build.0 = Debug|x64
		{3FBCD766-D327-40A7-9C6B-F5D0B4D461AA}.Release|x64.ActiveCfg = Release|x64
		{3FBCD766-D327-40A7-9C6B-F5D0B4D461AA}.Release|x64.Build.0 = Release|x64
		{3FBCD766-D327-40A7-9C6B-F5D0B4D461AA}.Release|x86.ActiveCfg = Release|x64
		{3FBCD766-D327-40A7-9C6B-F5D0B4D461AA}.Release|x86.Build.0 = Release|x64
		{CEC56246-2E38-42FB-BA9E-B23EF9DD2376}.Debug|x64.ActiveCfg = Debug|x64
		{CEC56246-2E38-42FB-BA9E-B23EF9DD2376}.Debug|x64.Build.0 = Debug|x64
		{CEC56246-2E38-42FB-BA9E-B23EF9DD2376}.Debug|x86.ActiveCfg = Debug|x64
		{CEC56246-2E38-42FB-BA9E-B23EF9DD2376}.Debug|x86.Build.0 = Debug|x64
		{CEC56246-2E38-42FB-BA9E-B23EF9DD2376}.Release|x64.ActiveCfg = Release|x64
		{CEC56246-2E38-42FB-BA9E-B23EF9DD2376}.Release|x64.Build.0 = Release|x64
		{CEC56246-2E38-42FB-BA9E-B23EF9DD2376}.Release|x86.ActiveCfg = Release|x64
		{CEC56246-2E38-42FB-BA9E-B23EF9DD2376}.Release|x86.Build.0 = Release|x64
		{C313EB2E-4E9B-4B26-A3F0-F4E8860002EA}.Debug|x64.ActiveCfg = Debug|x64
		{C313EB2E-4E9B-4B26-A3F0-F4E8860002EA}.Debug|x64.Build.0 = Debug|x64
		{C313EB2E-4E9B-4B26-A3F0-F4E8860002EA}.Debug|x86.ActiveCfg = Debug|x64
		{C313EB2E-4E9B-4B26-A3F0-F4E8860002EA}.Debug|x86.Build.0 = Debug|x64
		{C313EB2E-4E9B-4B26-A3F0-F4E8860002EA}.Release|x64.ActiveCfg = Release|x64
		{C313EB2E-4E9B-4B26-A3F0-F4E8860002EA}.Release|x64.Build.0 = Release|x64
		{C313EB2E-4E9B-4B26-A3F0-F4E8860002EA}.Release|x86.ActiveCfg = Release|x64
		{C313EB2E-4E9B-4B26-A3F0-F4E8860002EA}.Release|x86.Build.0 = Release|x64
		{4176D5FA-3459-4E26-8782-AB814063A557}.Debug|x64.ActiveCfg = Debug|x64
		{4176D5FA-3459-4E26-8782-AB814063A557}.Debug|x64.Build.0 = Debug|x64
		{4176D5FA-3459-4E26-8782-AB814063A557}.Debug|x86.ActiveCfg = Debug|x64
		{4176D5FA-3459-4E26-8782-AB814063A557}.Debug|x86.Build.0 = Debug|x64
		{4176D5FA-3459-4E26-8782-AB814063A557}.Release|x64.ActiveCfg = Release|x64
		{4176D5FA-3459-4E26-8782-AB814063A557}.Release|x64.Build.0 = Release|x64
		{4176D5FA-3459-4E26-8782-AB814063A557}.Release|x86.ActiveCfg = Release|x64
		{4176D5FA-3459-4E26-8782-AB814063A557}.Release|x86.Build.0 = Release|x64
		{84A6C108-5B21-4EBF-88D6-B8E16C6D058B}.Debug|x64.ActiveCfg = Debug|x64
		{84A6C108-5B21-4EBF-88D6-B8E16C6D058B}.Debug|x64.Build.0 = Debug|x64
		{84A6C108-5B21-4EBF-88D6-B8E16C6D058B}.Debug|x86.ActiveCfg = Debug|x64
		{84A6C108-5B21-4EBF-88D6-B8E16C6D058B}.Debug|x86.Build.0 = Debug|x64
		{84A6C108-5B21-4EBF-88D6-B8E16C6D058B}.Release|x64.ActiveCfg = Release|x64
		{84A6C108-5B21-4EBF-88D6-B8E16C6D058B}.Release|x64.Build.0 = Release|x64
		{84A6C108-5B21-4EBF-88D6-B8E16C6D058B}.Release|x86.ActiveCfg = Release|x64
		{84A6C108-5B21-4EBF-88D6-B8E16C6D058B}.Release|x86.Build.0 = Release|x64
		{EDB6D3F6-0D00-45CB-8964-BBB4C25AA166}.Debug|x64.ActiveCfg = Debug|x64
		{EDB6D3F6-0D00-45CB-8964-BBB4C25AA166}.Debug|x64.Build.0 = Debug|x64
		{EDB6D3F6-0D00-45CB-8964-BBB4C25AA166}.Debug|x86.ActiveCfg = Debug|x64
		{EDB6D3F6-0D00-45CB-8964-BBB4C25AA166}.Debug|x86.Build.0 = Debug|x64
		{EDB6D3F6-0D00-45CB-8964-BBB4C25AA166}.Release|x64.ActiveCfg = Release|x64
		{EDB6D3F6-0D00-45CB-8964-BBB4C25AA166}.Release|x64.Build.0 = Release|x64
		{EDB6D3F6-0D00-45CB-8964-BBB4C25AA166}.Release|x86.ActiveCfg = Release|x64
		{EDB6D3F6-0D00-45CB-8964-BBB4C25AA166}.Release|x86.Build.0 = Release|x64
		{6221633E-0044-412C-A8F4-FB204B682805}.Debug|x64.ActiveCfg = Debug|x64
		{6221633E-0044-412C-A8F4-FB204B682805}.Debug|x64.Build.0 = Debug|x64
		{6221633E-0044-412C-A8F4-FB204B682805}.Debug|x86.ActiveCfg = Debug|x64
		{6221633E-0044-412C-A8F4-FB204B682805}.Debug|x86.Build.0 = Debug|x64
		{6221633E-0044-412C-A8F4-FB204B682805}.Release|x64.ActiveCfg = Release|x64
		{6221633E-0044-412C-A8F4-FB204B682805}.Release|x64.Build.0 = Release|x64
		{6221633E-0044-412C-A8F4-FB204B682805}.Release|x86.ActiveCfg = Release|x64
		{6221633E-0044-412C-A8F4-FB204B682805}.Release|x86.Build.0 = Release|x64
		{8854C579-FF5B-417D-B3F6-E8012BA9CFBF}.Debug|x64.ActiveCfg = Debug|x64
		{8854C579-FF5B-417D-B3F6-E8012BA9CFBF}.Debug|x64.Build.0 = Debug|x64
		{8854C579-FF5B-417D-B3F6-E8012BA9CFBF}.Debug|x86.ActiveCfg = Debug|x64
		{8854C579-FF5B-417D-B3F6-E8012BA9CFBF}.Debug|x86.Build.0 = Debug|x64
		{8854C579-FF5B-417D-B3F6-E8012BA9CFBF}.Release|x64.ActiveCfg = Release|x64
		{8854C579-FF5B-417D-B3F6-E8012BA9CFBF}.Release|x64.Build.0 = Release|x64
		{8854C579-FF5B-417D-B3F6-E8012BA9CFBF}.Release|x86.ActiveCfg = Release|x64
		{8854C579-FF5B-417D-B3F6-E8012BA9CFBF}.Release|x86.Build.0 = Release|x64
		{D0034C7E-5DD5-4C3D-86B6-CBE354723C91}.Debug|x64.ActiveCfg = Debug|x64
		{D0034C7E-5DD5-4C3D-86B6-CBE354723C91}.Debug|x64.Build.0 = Debug|x64
		{D0034C7E-5DD5-4C3D-86B6-CBE354723C91}.Debug|x86.ActiveCfg = Debug|x64
		{D0034C7E-5DD5-4C3D-86B6-CBE354723C91}.Debug|x86.Build.0 = Debug|x64
		{D0034C7E-5DD5-4C3D-86B6-CBE354723C91}.Release|x64.ActiveCfg = Release|x64
		{D0034C7E-5DD5-4C3D-86B6-CBE354723C91}.Release|x64.Build.0 = Release|x64
		{D0034C7E-5DD5-4C3D-86B6-CBE354723C91}.Release|x86.ActiveCfg = Release|x64
		{D0034C7E-5DD5-4C3D-86B6-CBE354723C91}.Release|x86.Build.0 = Release|x64
		{8F786835-35A9-410A-BB51-43BA91B83E9A}.Debug|x64.ActiveCfg = Debug|x64
		{8F786835-35A9-410A-BB51-43BA91B83E9A}.Debug|x64.Build.0 = Debug|x64
		{8F786835-35A9-410A-BB51-43BA91B83E9A}.Debug|x86.ActiveCfg = Debug|x64
		{8F786835-35A9-410A-BB51-43BA91B83E9A}.Debug|x86.Build.0 = Debug|x64
		{8F786835-35A9-410A-BB51-43BA91B83E9A}.Release|x64.ActiveCfg = Release|x64
		{8F786835-35A9-410A-BB51-43BA91B83E9A}.Release|x64.Build.0 = Release|x64
		{8F786835-35A9-410A-BB51-43BA91B83E9A}.Release|x86.ActiveCfg = Release|x64
		{8F786835-35A9-410A-BB51-43BA91B83E9A}.Release|x86.Build.0 = Release|x64
		{502B5969-B002-49BD-8421-B4109CA2EDEA}.Debug|x64.ActiveCfg = Debug|x64
		{502B5969-B002-49BD-8421-B4109CA2EDEA}.Debug|x64.Build.0 = Debug|x64
		{502B5969-B002-49BD-8421-B4109CA2EDEA}.Debug|x86.ActiveCfg = Debug|x64
		{502B5969-B002-49BD-8421-B4109CA2EDEA}.Debug|x86.Build.0 = Debug|x64
		{502B5969-B002-49BD-8421-B4109CA2EDEA}.Release|x64.ActiveCfg = Release|x64
		{502B5969-B002-49BD-8421-B4109CA2EDEA}.Release|x64.Build.0 = Release|x64
		{502B5969-B002-49BD-8421-B4109CA2EDEA}.Release|x86.ActiveCfg = Release|x64
		{502B5969-B002-49BD-8421-B4109CA2EDEA}.Release|x86.Build.0 = Release|x64
		{C5D04CD6-4692-4C18-ADC1-9FAC2802B336}.Debug|x64.ActiveCfg = Debug|x64
		{C5D04CD6-4692-4C18-ADC1-9FAC2802B336}.Debug|x64.Build.0 = Debug|x64
		{C5D04CD6-4692-4C18-ADC1-9FAC2802B336}.Debug|x86.ActiveCfg = Debug|x64
		{C5D04CD6-4692-4C18-ADC1-9FAC2802B336}.Debug|x86.Build.0 = Debug|x64
		{C5D04CD6-4692-4C18-ADC1-9FAC2802B336}.Release|x64.ActiveCfg = Release|x64
		{C5D04CD6-4692-4C18-ADC1-9FAC2802B336}.Release|x64.Build.0 = Release|x64
		{C5D04CD6-4692-4C18-ADC1-9FAC2802B336}.Release|x86.ActiveCfg = Release|x64
		{C5D04CD6-4692-4C18-ADC1-9FAC2802B336}.Release|x86.Build.0 = Release|x64
		{C4CF1A7D-C9DC-4892-95B5-D218717ED0AE}.Debug|x64.ActiveCfg = Debug|x64
		{C4CF1A7D-C9DC-4892-95B5-D218717ED0AE}.Debug|x64.Build.0 = Debug|x64
		{C4CF1A7D-C9DC-4892-95B5-D218717ED0AE}.Debug|x86.ActiveCfg = Debug|x64
		{C4CF1A7D-C9DC-4892-95B5-D218717ED0AE}.Debug|x86.Build.0 = Debug|x64
		{C4CF1A7D-C9DC-4892-95B5-D218717ED0AE}.Release|x64.ActiveCfg = Release|x64
		{C4CF1A7D-C9DC-4892-95B5-D218717ED0AE}.Release|x64.Build.0 = Release|x64
		{C4CF1A7D-C9DC-4892-95B5-D218717ED0AE}.Release|x86.ActiveCfg = Release|x64
		{C4CF1A7D-C9DC-4892-95B5-D218717ED0AE}.Release|x86.Build.0 = Release|x64
		{DDD0DBD1-871A-4036-BBA4-DDA8A4771AC2}.Debug|x64.ActiveCfg = Debug|x64
		{DDD0DBD1-871A-4036-BBA4-DDA8A4771AC2}.Debug|x64.Build.0 = Debug|x64
		{DDD0DBD1-871A-4036-BBA4-DDA8A4771AC2}.Debug|x86.ActiveCfg = Debug|x64
		{DDD0DBD1-871A-4036-BBA4-DDA8A4771AC2}.Debug|x86.Build.0 = Debug|x64
		{DDD0DBD1-871A-4036-BBA4-DDA8A4771AC2}.Release|x64.ActiveCfg = Release|x64
		{DDD0DBD1-871A-4036-BBA4-DDA8A4771AC2}.Release|x64.Build.0 = Release|x64
		{DDD0DBD1-871A-4036-BBA4-DDA8A4771AC2}.Release|x86.ActiveCfg = Release|x64
		{DDD0DBD1-871A-4036-BBA4-DDA8A4771AC2}.Release|x86.Build.0 = Release|x64
		{1825BBCA-31DD-4BB2-8E3E-CC5DE04CC590}.Debug|x64.ActiveCfg = Debug|x64
		{1825BBCA-31DD-4BB2-8E3E-CC5DE04CC590}.Debug|x64.Build.0 = Debug|x64
		{1825BBCA-31DD-4BB2-8E3E-CC5DE04CC590}.Debug|x86.ActiveCfg = Debug|x64
		{1825BBCA-31DD-4BB2-8E3E-CC5DE04CC590}.Debug|x86.Build.0 = Debug|x64
		{1825BBCA-31DD-4BB2-8E3E-CC5DE04CC590}.Release|x64.ActiveCfg = Release|x64
		{1825BBCA-31DD-4BB2-8E3E-CC5DE04CC590}.Release|x64.Build.0 = Release|x64
		{1825BBCA-31DD-4BB2-8E3E-CC5DE04CC590}.Release|x86.ActiveCfg = Release|x64
		{1825BBCA-31DD-4BB2-8E3E-CC5DE04CC590}.Release|x86.Build.0 = Release|x64
		{3335351A-5522-4CA5-8368-B5EF126589CD}.Debug|x64.ActiveCfg = Debug|x64
		{3335351A-5522-4CA5-8368-B5EF126589CD}.Debug|x64.Build.0 = Debug|x64
		{3335351A-5522-4CA5-8368-B5EF126589CD}.Debug|x86.ActiveCfg = Debug|x64
		{3335351A-5522-4CA5-8368-B5EF126589CD}.Debug|x86.Build.0 = Debug|x64
		{3335351A-5522-4CA5-8368-B5EF126589CD}.Release|x64.ActiveCfg = Release|x64
		{3335351A-5522-4CA5-8368-B5EF126589CD}.Release|x64.Build.0 = Release|x64
		{3335351A-5522-4CA5-8368-B5EF126589CD}.Release|x86.ActiveCfg = Release|x64
		{3335351A-5522-4CA5-8368-B5EF126589CD}.Release|x86.Build.0 = Release|x64
		{41A59B2E-8643-4CBF-A9D4-739F4F6D0761}.Debug|x64.ActiveCfg = Debug|x64
		{41A59B2E-8643-4CBF-A9D4-739F4F6D0761}.Debug|x64.Build.0 = Debug|x64
		{41A59B2E-8643-4CBF-A9D4-739F4F6D0761}.Debug|x86.ActiveCfg = Debug|x64
		{41A59B2E-8643-4CBF-A9D4-739F4F6D0761}.Debug|x86.Build.0 = Debug|x64
		{41A59B2E-8643-4CBF-A9D4-739F4F6D0761}.Release|x64.ActiveCfg = Release|x64
		{41A59B2E-8643-4CBF-A9D4-739F4F6D0761}.Release|x64.Build.0 = Release|x64
		{41A59B2E-8643-4CBF-A9D4-739F4F6D0761}.Release|x86.ActiveCfg = Release|x64
		{41A59B2E-8643-4CBF-A9D4-739F4F6D0761}.Release|x86.Build.0 = Release|x64
		{435D56BD-5517-479C-8ECD-031A469A7F2A}.Debug|x64.ActiveCfg = Debug|x64
		{435D56BD-5517-479C-8ECD-031A469A7F2A}.Debug|x64.Build.0 = Debug|x64
		{435D56BD-5517-479C-8ECD-031A469A7F2A}.Debug|x86.ActiveCfg = Debug|x64
		{435D56BD-5517-479C-8ECD-031A469A7F2A}.Debug|x86.Build.0 = Debug|x64
		{435D56BD-5517-479C-8ECD-031A469A7F2A}.Release|x64.ActiveCfg = Release|x64
		{435D56BD-5517-479C-8ECD-031A469A7F2A}.Release|x64.Build.0 = Release|x64
		{435D56BD-5517-479C-8ECD-031A469A7F2A}.Release|x86.ActiveCfg = Release|x64
		{435D56BD-5517-479C-8ECD-031A469A7F2A}.Release|x86.Build.0 = Release|x64
		{C1647177-011B-42F0-9549-9E758D8CAFF6}.Debug|x64.ActiveCfg = Debug|x64
		{C1647177-011B-42F0-9549-9E758D8CAFF6}.Debug|x64.Build.0 = Debug|x64
		{C1647177-011B-42F0-9549-9E758D8CAFF6}.Debug|x86.ActiveCfg = Debug|x64
		{C1647177-011B-42F0-9549-9E758D8CAFF6}.Debug|x86.Build.0 = Debug|x64
		{C1647177-011B-42F0-9549-9E758D8CAFF6}.Release|x64.ActiveCfg = Release|x64
		{C1647177-011B-42F0-9549-9E758D8CAFF6}.Release|x64.Build.0 = Release|x64
		{C1647177-011B-42F0-9549-9E758D8CAFF6}.Release|x86.ActiveCfg = Release|x64
		{C1647177-011B-42F0-9549-9E758D8CAFF6}.Release|x86.Build.0 = Release|x64
		{C91518A5-1758-4917-B415-251DB0C17032}.Debug|x64.ActiveCfg = Debug|x64
		{C91518A5-1758-4917-B415-251DB0C17032}.Debug|x64.Build.0 = Debug|x64
		{C91518A5-1758-4917-B415-251DB0C17032}.Debug|x86.ActiveCfg = Debug|x64
		{C91518A5-1758-4917-B415-251DB0C17032}.Debug|x86.Build.0 = Debug|x64
		{C91518A5-1758-4917-B415-251DB0C17032}.Release|x64.ActiveCfg = Release|x64
		{C91518A5-1758-4917-B415-251DB0C17032}.Release|x64.Build.0 = Release|x64
		{C91518A5-1758-4917-B415-251DB0C17032}.Release|x86.ActiveCfg = Release|x64
		{C91518A5-1758-4917-B415-251DB0C17032}.Release|x86.Build.0 = Release|x64
		{AC371C16-2AD9-484A-8A4C-F93BA4C862E6}.Debug|x64.ActiveCfg = Debug|x64
		{AC371C16-2AD9-484A-8A4C-F93BA4C862E6}.Debug|x64.Build.0 = Debug|x64
		{AC371C16-2AD9-484A-8A4C-F93BA4C862E6}.Debug|x86.ActiveCfg = Debug|x64
		{AC371C16-2AD9-484A-8A4C-F93BA4C862E6}.Debug|x86.Build.0 = Debug|x64
		{AC371C16-2AD9-484A-8A4C-F93BA4C862E6}.Release|x64.ActiveCfg = Release|x64
		{AC371C16-2AD9-484A-8A4C-F93BA4C862E6}.Release|x64.Build.0 = Release|x64
		{AC371C16-2AD9-484A-8A4C-F93BA4C862E6}.Release|x86.ActiveCfg = Release|x64
		{AC371C16-2AD9-484A-8A4C-F93BA4C862E6}.Release|x86.Build.0 = Release|x64
		{954DC0C1-7DD2-4058-A460-AD2A91033384}.Debug|x64.ActiveCfg = Debug|x64
		{954DC0C1-7DD2-4058-A460-AD2A91033384}.Debug|x64.Build.0 = Debug|x64
		{954DC0C1-7DD2-4058-A460-AD2A91033384}.Debug|x86.ActiveCfg = Debug|x64
		{954DC0C1-7DD2-4058-A460-AD2A91033384}.Debug|x86.Build.0 = Debug|x64
		{954DC0C1-7DD2-4058-A460-AD2A91033384}.Release|x64.ActiveCfg = Release|x64
		{954DC0C1-7DD2-4058-A460-AD2A91033384}.Release|x64.Build.0 = Release|x64
		{954DC0C1-7DD2-4058-A460-AD2A91033384}.Release|x86.ActiveCfg = Release|x64
		{954DC0C1-7DD2-4058-A460-AD2A91033384}.Release|x86.Build.0 = Release|x64
		{CDCB7161-3B61-4AD4-B762-3272C32C426F}.Debug|x64.ActiveCfg = Debug|x64
		{CDCB7161-3B61-4AD4-B762-3272C32C426F}.Debug|x64.Build.0 = Debug|x64
		{CDCB7161-3B61-4AD4-B762-3272C32C426F}.Debug|x86.ActiveCfg = Debug|x64
		{CDCB7161-3B61-4AD4-B762-3272C32C426F}.Debug|x86.Build.0 = Debug|x64
		{CDCB7161-3B61-4AD4-B762-3272C32C426F}.Release|x64.ActiveCfg = Release|x64
		{CDCB7161-3B61-4AD4-B762-3272C32C426F}.Release|x64.Build.0 = Release|x64
		{CDCB7161-3B61-4AD4-B762-3272C32C426F}.Release|x86.ActiveCfg = Release|x64
		{CDCB7161-3B61-4AD4-B762-3272C32C426F}.Release|x86.Build.0 = Release|x64
		{2AB3EF55-E7A2-4D2F-B546-DE8D7EF4520E}.Debug|x64.ActiveCfg = Debug|x64
		{2AB3EF55-E7A2-4D2F-B546-DE8D7EF4520E}.Debug|x64.Build.0 = Debug|x64
		{2AB3EF55-E7A2-4D2F-B546-DE8D7EF4520E}.Debug|x86.ActiveCfg = Debug|x64
		{2AB3EF55-E7A2-4D2F-B546-DE8D7EF4520E}.Debug|x86.Build.0 = Debug|x64
		{2AB3EF55-E7A2-4D2F-B546-DE8D7EF4520E}.Release|x64.ActiveCfg = Release|x64
		{2AB3EF55-E7A2-4D2F-B546-DE8D7EF4520E}.Release|x64.Build.0 = Release|x64
		{2AB3EF55-E7A2-4D2F-B546-DE8D7EF4520E}.Release|x86.ActiveCfg = Release|x64
		{2AB3EF55-E7A2-4D2F-B546-DE8D7EF4520E}.Release|x86.Build.0 = Release|x64
		{4D9365E5-D770-49F0-A525-8BE86ACC527B}.Debug|x64.ActiveCfg = Debug|x64
		{4D9365E5-D770-49F0-A525-8BE86ACC527B}.Debug|x64.Build.0 = Debug|x64
		{4D9365E5-D770-49F0-A525-8BE86ACC527B}.Debug|x86.ActiveCfg = Debug|x64
		{4D9365E5-D770-49F0-A525-8BE86ACC527B}.Debug|x86.Build.0 = Debug|x64
		{4D9365E5-D770-49F0-A525-8BE86ACC527B}.Release|x64.ActiveCfg = Release|x64
		{4D9365E5-D770-49F0-A525-8BE86ACC527B}.Release|x64.Build.0 = Release|x64
		{4D9365E5-D770-49F0-A525-8BE86ACC527B}.Release|x86.ActiveCfg = Release|x64
		{4D9365E5-D770-49F0-A525-8BE86ACC527B}.Release|x86.Build.0 = Release|x64
		{589FF92B-A2C6-4D2D-94AE-EDFDF2DD8CE6}.Debug|x64.ActiveCfg = Debug|x64
		{589FF92B-A2C6-4D2D-94AE-EDFDF2DD8CE6}.Debug|x64.Build.0 = Debug|x64
		{589FF92B-A2C6-4D2D-94AE-EDFDF2DD8CE6}.Debug|x86.ActiveCfg = Debug|x64
		{589FF92B-A2C6-4D2D-94AE-EDFDF2DD8CE6}.Debug|x86.Build.0 = Debug|x64
		{589FF92B-A2C6-4D2D-94AE-EDFDF2DD8CE6}.Release|x64.ActiveCfg = Release|x64
		{589FF92B-A2C6-4D2D-94AE-EDFDF2DD8CE6}.Release|x64.Build.0 = Release|x64
		{589FF92B-A2C6-4D2D-94AE-EDFDF2DD8CE6}.Release|x86.ActiveCfg = Release|x64
		{589FF92B-A2C6-4D2D-94AE-EDFDF2DD8CE6}.Release|x86.Build.0 = Release|x64
		{2B5EE52E-CB3B-4CEB-BA69-673DCE39B2ED}.Debug|x64.ActiveCfg = Debug|x64
		{2B5EE52E-CB3B-4CEB-BA69-673DCE39B2ED}.Debug|x64.Build.0 = Debug|x64
		{2B5EE52E-CB3B-4CEB-BA69-673DCE39B2ED}.Debug|x86.ActiveCfg = Debug|x64
		{2B5EE52E-CB3B-4CEB-BA69-673DCE39B2ED}.Debug|x86.Build.0 = Debug|x64
		{2B5EE52E-CB3B-4CEB-BA69-673DCE39B2ED}.Release|x64.ActiveCfg = Release|x64
		{2B5EE52E-CB3B-4CEB-BA69-673DCE39B2ED}.Release|x64.Build.0 = Release|x64
		{2B5EE52E-CB3B-4CEB-BA69-673DCE39B2ED}.Release|x86.ActiveCfg = Release|x64
		{2B5EE52E-CB3B-4CEB-BA69-673DCE39B2ED}.Release|x86.Build.0 = Release|x64
		{747E73E8-DCEB-4C05-836D-08B2ABB42630}.Debug|x64.ActiveCfg = Debug|x64
		{747E73E8-DCEB-4C05-836D-08B2ABB42630}.Debug|x64.Build.0 = Debug|x64
		{747E73E8-DCEB-4C05-836D-08B2ABB42630}.Debug|x86.ActiveCfg = Debug|x64
		{747E73E8-DCEB-4C05-836D-08B2ABB42630}.Debug|x86.Build.0 = Debug|x64
		{747E73E8-DCEB-4C05-836D-08B2ABB42630}.Release|x64.ActiveCfg = Release|x64
		{747E73E8-DCEB-4C05-836D-08B2ABB42630}.Release|x64.Build.0 = Release|x64
		{747E73E8-DCEB-4C05-836D-08B2ABB42630}.Release|x86.ActiveCfg = Release|x64
		{747E73E8-DCEB-4C05-836D-08B2ABB42630}.Release|x86.Build.0 = Release|x64
		{5F69AFB2-2588-4098-8CDB-1FEC1694AE28}.Debug|x64.ActiveCfg = Debug|x64
		{5F69AFB2-2588-4098-8CDB-1FEC1694AE28}.Debug|x64.Build.0 = Debug|x64
		{5F69AFB2-2588-4098-8CDB-1FEC1694AE28}.Debug|x86.ActiveCfg = Debug|x64
		{5F69AFB2-2588-4098-8CDB-1FEC1694AE28}.Debug|x86.Build.0 = Debug|x64
		{5F69AFB2-2588-4098-8CDB-1FEC1694AE28}.Release|x64.ActiveCfg = Release|x64
		{5F69AFB2-2588-4098-8CDB-1FEC1694AE28}.Release|x64.Build.0 = Release|x64
		{5F69AFB2-2588-4098-8CDB-1FEC1694AE28}.Release|x86.ActiveCfg = Release|x64
		{5F69AFB2-2588-4098-8CDB-1FEC1694AE28}.Release|x86.Build.0 = Release|x64
		{1CAE8259-B40B-4DE1-811C-75F005FB500E}.Debug|x64.ActiveCfg = Debug|x64
		{1CAE8259-B40B-4DE1-811C-75F005FB500E}.Debug|x64.Build.0 = Debug|x64
		{1CAE8259-B40B-4DE1-811C-75F005FB500E}.Debug|x86.ActiveCfg = Debug|x64
		{1CAE8259-B40B-4DE1-811C-75F005FB500E}.Debug|x86.Build.0 = Debug|x64
		{1CAE8259-B40B-4DE1-811C-75F005FB500E}.Release|x64.ActiveCfg = Release|x64
		{1CAE8259-B40B-4DE1-811C-75F005FB500E}.Release|x64.Build.0 = Release|x64
		{1CAE8259-B40B-4DE1-811C-75F005FB500E}.Release|x86.ActiveCfg = Release|x64
		{1CAE8259-B40B-4DE1-811C-75F005FB500E}.Release|x86.Build.0 = Release|x64
		{187AB764-0054-4472-A06F-CB9848B739C5}.Debug|x64.ActiveCfg = Debug|x64
		{187AB764-0054-4472-A06F-CB9848B739C5}.Debug|x64.Build.0 = Debug|x64
		{187AB764-0054-4472-A06F-CB9848B739C5}.Debug|x86.ActiveCfg = Debug|x64
		{187AB764-0054-4472-A06F-CB9848B739C5}.Debug|x86.Build.0 = Debug|x64
		{187AB764-0054-4472-A06F-CB9848B739C5}.Release|x64.ActiveCfg = Release|x64
		{187AB764-0054-4472-A06F-CB9848B739C5}.Release|x64.Build.0 = Release|x64
		{187AB764-0054-4472-A06F-CB9848B739C5}.Release|x86.ActiveCfg = Release|x64
		{187AB764-0054-4472-A06F-CB9848B739C5}.Release|x86.Build.0 = Release|x64
		{F1E4EFD4-D1A0-42F0-B079-C303B9343656}.Debug|x64.ActiveCfg = Debug|x64
		{F1E4EFD4-D1A0-42F0-B079-C303B9343656}.Debug|x64.Build.0 = Debug|x64
		{F1E4EFD4-D1A0-42F0-B079-C303B9343656}.Debug|x86.ActiveCfg = Debug|x64
		{F1E4EFD4-D1A0-42F0-B079-C303B9343656}.Debug|x86.Build.0 = Debug|x64
		{F1E4EFD4-D1A0-42F0-B079-C303B9343656}.Release|x64.ActiveCfg = Release|x64
		{F1E4EFD4-D1A0-42F0-B079-C303B9343656}.Release|x64.Build.0 = Release|x64
		{F1E4EFD4-D1A0-42F0-B079-C303B9343656}.Release|x86.ActiveCfg = Release|x64
		{F1E4EFD4-D1A0-42F0-B079-C303B9343656}.Release|x86.Build.0 = Release|x64
	EndGlobalSection
	GlobalSection(SolutionProperties) = preSolution
		HideSolutionNode = FALSE
	EndGlobalSection
	GlobalSection(NestedProjects) = preSolution
		{5E7F912D-CE1A-4840-A65B-D2800FBD8548} = {C89CACD1-0223-4E4F-80C9-8FD8BB01A4CB}
		{FA08ED75-686E-4E33-8716-6D54660EAC8B} = {0CDB222D-5BB2-4520-9934-F564E7AFA75A}
		{58AB5A65-B5BD-48E6-93A8-7A00E62F5F7C} = {0CDB222D-5BB2-4520-9934-F564E7AFA75A}
		{32E2A668-394E-4362-B12C-CF70518A4CFE} = {0CDB222D-5BB2-4520-9934-F564E7AFA75A}
		{5AC1E598-12AC-413A-BD39-C1FB97695EFD} = {0CDB222D-5BB2-4520-9934-F564E7AFA75A}
		{910418B7-9586-4A0A-8B8F-64607D047FBD} = {0CDB222D-5BB2-4520-9934-F564E7AFA75A}
		{49B2E7D6-A487-4F17-80B9-BCBFC47D67B6} = {0CDB222D-5BB2-4520-9934-F564E7AFA75A}
		{D647D0BF-BA2D-4DA9-8BCF-1C7278C3BAD8} = {0CDB222D-5BB2-4520-9934-F564E7AFA75A}
		{C5E0AEBA-E2C3-4D9A-B39D-1E05E747FFE7} = {0CDB222D-5BB2-4520-9934-F564E7AFA75A}
		{401C73A4-02F0-4474-8187-96BC5DE0773B} = {0CDB222D-5BB2-4520-9934-F564E7AFA75A}
		{49CDC2EF-415C-44F1-A329-45216C582003} = {25EE6799-5F70-4EB4-A7DF-27B1989B1191}
		{5146FB20-A60D-42F6-9773-C16D0D13F479} = {25EE6799-5F70-4EB4-A7DF-27B1989B1191}
		{F8A5DC73-10F1-4A6C-9F89-E70A376F4B27} = {25EE6799-5F70-4EB4-A7DF-27B1989B1191}
		{97C40794-B659-4DD2-A9FF-D7967AC3C248} = {25EE6799-5F70-4EB4-A7DF-27B1989B1191}
		{1D04D7FD-4488-4619-8C66-FF9321C710D3} = {25EE6799-5F70-4EB4-A7DF-27B1989B1191}
		{2B6D6183-A668-498A-BF55-DE16725B5BD7} = {25EE6799-5F70-4EB4-A7DF-27B1989B1191}
		{B74652A8-E438-4E58-938F-82ABAD2E168F} = {25EE6799-5F70-4EB4-A7DF-27B1989B1191}
		{37703C92-8C6D-4496-8B3D-5CE67343EF37} = {25EE6799-5F70-4EB4-A7DF-27B1989B1191}
		{A598BD9B-F1AA-4BC6-9BC8-7E6C28EF8483} = {25EE6799-5F70-4EB4-A7DF-27B1989B1191}
		{1896BDA8-5F8D-4109-BC18-AF546E3FBD41} = {204B7904-009A-46EB-98F7-BED8C874D42A}
		{C1AC95FB-1F2C-44DF-B6CA-F628A4722032} = {204B7904-009A-46EB-98F7-BED8C874D42A}
		{17DA6F29-6430-4A1C-867C-F5502520B0BB} = {204B7904-009A-46EB-98F7-BED8C874D42A}
		{22E5D897-EF09-4B79-BE8B-68852480F833} = {204B7904-009A-46EB-98F7-BED8C874D42A}
		{3666B0F9-4352-449C-BBE7-B5B6359F97B3} = {204B7904-009A-46EB-98F7-BED8C874D42A}
		{10DF86BB-188A-47CD-87BF-3E064DC783D8} = {204B7904-009A-46EB-98F7-BED8C874D42A}
		{5EFC2049-4824-44C6-A828-201CB9ED4842} = {204B7904-009A-46EB-98F7-BED8C874D42A}
		{9C497653-8E0F-4F53-8294-E8AF5CA3B3D7} = {204B7904-009A-46EB-98F7-BED8C874D42A}
		{FD9D2F5C-ACAF-4E39-BF33-9DBD41CF3653} = {204B7904-009A-46EB-98F7-BED8C874D42A}
		{6B3A3E83-66FE-4D09-82B0-689C25082BCE} = {204B7904-009A-46EB-98F7-BED8C874D42A}
		{1A690538-DCBB-47C9-8494-E1C300A2EB62} = {44C083BE-5EB2-49B8-9CB7-24A539F22BA2}
		{EDAC8E9F-BE2F-4A04-9574-5F79F672DEF7} = {44C083BE-5EB2-49B8-9CB7-24A539F22BA2}
		{D41B973E-106D-4557-A1CB-B90D8DA08009} = {44C083BE-5EB2-49B8-9CB7-24A539F22BA2}
		{F1A13D9E-1A41-44C6-A772-311D1075A5F4} = {44C083BE-5EB2-49B8-9CB7-24A539F22BA2}
		{8AF68478-B10C-49F5-82B3-49BAC16C3EB1} = {44C083BE-5EB2-49B8-9CB7-24A539F22BA2}
		{E9882FF0-B6FB-48ED-95F8-43B23AE989A5} = {44C083BE-5EB2-49B8-9CB7-24A539F22BA2}
		{EEEFD7BA-D094-4CC1-B4E2-6C61AFE051C9} = {44C083BE-5EB2-49B8-9CB7-24A539F22BA2}
		{6E61E48C-28C8-409D-AAF1-085F1BF8C808} = {44C083BE-5EB2-49B8-9CB7-24A539F22BA2}
		{7ECEF68F-ADF1-4EC3-8C9F-2D7EF0E56D09} = {25EE6799-5F70-4EB4-A7DF-27B1989B1191}
		{E75AE0F8-6F44-4F9C-8BC9-233DC7C75DC5} = {B70D5C3E-158F-43FA-A6B2-78A33857A18E}
		{FBEB1304-DF42-4C04-B0C7-99183DEDBE43} = {304740A5-E779-43C2-A6E2-CE8C687D93CA}
		{3FBCD766-D327-40A7-9C6B-F5D0B4D461AA} = {44C083BE-5EB2-49B8-9CB7-24A539F22BA2}
		{CEC56246-2E38-42FB-BA9E-B23EF9DD2376} = {44C083BE-5EB2-49B8-9CB7-24A539F22BA2}
		{C313EB2E-4E9B-4B26-A3F0-F4E8860002EA} = {44C083BE-5EB2-49B8-9CB7-24A539F22BA2}
		{4176D5FA-3459-4E26-8782-AB814063A557} = {44C083BE-5EB2-49B8-9CB7-24A539F22BA2}
		{84A6C108-5B21-4EBF-88D6-B8E16C6D058B} = {304740A5-E779-43C2-A6E2-CE8C687D93CA}
		{EDB6D3F6-0D00-45CB-8964-BBB4C25AA166} = {304740A5-E779-43C2-A6E2-CE8C687D93CA}
		{6221633E-0044-412C-A8F4-FB204B682805} = {304740A5-E779-43C2-A6E2-CE8C687D93CA}
		{8854C579-FF5B-417D-B3F6-E8012BA9CFBF} = {304740A5-E779-43C2-A6E2-CE8C687D93CA}
		{D0034C7E-5DD5-4C3D-86B6-CBE354723C91} = {304740A5-E779-43C2-A6E2-CE8C687D93CA}
		{8F786835-35A9-410A-BB51-43BA91B83E9A} = {304740A5-E779-43C2-A6E2-CE8C687D93CA}
		{502B5969-B002-49BD-8421-B4109CA2EDEA} = {304740A5-E779-43C2-A6E2-CE8C687D93CA}
		{C5D04CD6-4692-4C18-ADC1-9FAC2802B336} = {4181DC7F-C97C-4C26-90FD-00526ABE3960}
		{C4CF1A7D-C9DC-4892-95B5-D218717ED0AE} = {4181DC7F-C97C-4C26-90FD-00526ABE3960}
		{DDD0DBD1-871A-4036-BBA4-DDA8A4771AC2} = {4181DC7F-C97C-4C26-90FD-00526ABE3960}
		{1825BBCA-31DD-4BB2-8E3E-CC5DE04CC590} = {4181DC7F-C97C-4C26-90FD-00526ABE3960}
		{3335351A-5522-4CA5-8368-B5EF126589CD} = {4181DC7F-C97C-4C26-90FD-00526ABE3960}
		{41A59B2E-8643-4CBF-A9D4-739F4F6D0761} = {4181DC7F-C97C-4C26-90FD-00526ABE3960}
		{435D56BD-5517-479C-8ECD-031A469A7F2A} = {4181DC7F-C97C-4C26-90FD-00526ABE3960}
		{C1647177-011B-42F0-9549-9E758D8CAFF6} = {49772A9F-40A3-4E7E-AB3F-ABAD2B36770B}
		{C91518A5-1758-4917-B415-251DB0C17032} = {49772A9F-40A3-4E7E-AB3F-ABAD2B36770B}
		{AC371C16-2AD9-484A-8A4C-F93BA4C862E6} = {49772A9F-40A3-4E7E-AB3F-ABAD2B36770B}
		{954DC0C1-7DD2-4058-A460-AD2A91033384} = {49772A9F-40A3-4E7E-AB3F-ABAD2B36770B}
		{CDCB7161-3B61-4AD4-B762-3272C32C426F} = {49772A9F-40A3-4E7E-AB3F-ABAD2B36770B}
		{2AB3EF55-E7A2-4D2F-B546-DE8D7EF4520E} = {49772A9F-40A3-4E7E-AB3F-ABAD2B36770B}
		{4D9365E5-D770-49F0-A525-8BE86ACC527B} = {49772A9F-40A3-4E7E-AB3F-ABAD2B36770B}
		{589FF92B-A2C6-4D2D-94AE-EDFDF2DD8CE6} = {49772A9F-40A3-4E7E-AB3F-ABAD2B36770B}
		{2B5EE52E-CB3B-4CEB-BA69-673DCE39B2ED} = {49772A9F-40A3-4E7E-AB3F-ABAD2B36770B}
		{747E73E8-DCEB-4C05-836D-08B2ABB42630} = {49772A9F-40A3-4E7E-AB3F-ABAD2B36770B}
		{5F69AFB2-2588-4098-8CDB-1FEC1694AE28} = {C89CACD1-0223-4E4F-80C9-8FD8BB01A4CB}
		{1CAE8259-B40B-4DE1-811C-75F005FB500E} = {0CDB222D-5BB2-4520-9934-F564E7AFA75A}
		{187AB764-0054-4472-A06F-CB9848B739C5} = {C89CACD1-0223-4E4F-80C9-8FD8BB01A4CB}
		{F1E4EFD4-D1A0-42F0-B079-C303B9343656} = {BB3FF1C7-9763-4FDD-BB74-2FDD33C4D48E}
	EndGlobalSection
	GlobalSection(ExtensibilityGlobals) = postSolution
		SolutionGuid = {499A40F2-B932-406B-B5A5-418DC90A133A}
	EndGlobalSection
EndGlobal
